
Microsoft Visual Studio Solution File, Format Version 12.00
# Visual Studio Version 17
VisualStudioVersion = 17.4.33205.214
MinimumVisualStudioVersion = 10.0.40219.1
Project("{2150E333-8FDC-42A3-9474-1A3956D46DE8}") = "WebshopListener", "WebshopListener", "{B725A8AA-A5A8-48C9-BD5D-5897E468759D}"
EndProject
Project("{2150E333-8FDC-42A3-9474-1A3956D46DE8}") = "Core", "Core", "{ED0B9C23-C0B4-4871-879F-B2F725F72FFB}"
EndProject
Project("{9A19103F-16F7-4668-BE54-9A1E7A4F7556}") = "TD.Core.Contracts", "src\TD.Core\TD.Core.Contracts\TD.Core.Contracts.csproj", "{A2C1B283-F708-478D-A3E6-5B3EAB55AE1E}"
EndProject
Project("{9A19103F-16F7-4668-BE54-9A1E7A4F7556}") = "TD.Core.Framework", "src\TD.Core\TD.Core.Framework\TD.Core.Framework.csproj", "{39FDBC8C-57A2-48E4-87C2-4D132510992C}"
EndProject
Project("{9A19103F-16F7-4668-BE54-9A1E7A4F7556}") = "TD.WebshopListener.Contracts", "src\TD.WebshopListener\TD.WebshopListener.Contracts\TD.WebshopListener.Contracts.csproj", "{3F9C89F5-30F5-48CA-95F0-3846A60FCB2B}"
EndProject
Project("{2150E333-8FDC-42A3-9474-1A3956D46DE8}") = "DbMigrations", "DbMigrations", "{3F58868C-E60C-4627-8F5B-749801EC4DCD}"
EndProject
Project("{9A19103F-16F7-4668-BE54-9A1E7A4F7556}") = "TD.DbMigrations.App", "src\TD.DbMigrations\TD.DbMigrations.App\TD.DbMigrations.App.csproj", "{152F2808-B9DA-43C2-8840-7DEC5B677456}"
EndProject
Project("{9A19103F-16F7-4668-BE54-9A1E7A4F7556}") = "TD.Core.Repository", "src\TD.Core\TD.Core.Repository\TD.Core.Repository.csproj", "{3F27647B-3B33-4B72-B755-12DCA9F13DE3}"
EndProject
Project("{9A19103F-16F7-4668-BE54-9A1E7A4F7556}") = "TD.DbMigrations.Contracts", "src\TD.DbMigrations\TD.DbMigrations.Contracts\TD.DbMigrations.Contracts.csproj", "{34F74EA9-044E-469E-9C78-43472E79D46D}"
EndProject
Project("{9A19103F-16F7-4668-BE54-9A1E7A4F7556}") = "TD.DbMigrations.Domain", "src\TD.DbMigrations\TD.DbMigrations.Domain\TD.DbMigrations.Domain.csproj", "{B48D1839-FD5C-4B8A-A31A-240E5DEC88A2}"
EndProject
Project("{9A19103F-16F7-4668-BE54-9A1E7A4F7556}") = "TD.Core.Domain", "src\TD.Core\TD.Core.Domain\TD.Core.Domain.csproj", "{E68F78AA-5E83-4ABB-A2DF-10EEF90D3BA1}"
EndProject
Project("{9A19103F-16F7-4668-BE54-9A1E7A4F7556}") = "TD.WebshopListener.App", "src\TD.WebshopListener\TD.WebshopListener.App\TD.WebshopListener.App.csproj", "{8D86A88A-E5DF-4AF2-889A-80EC26B15C8C}"
EndProject
Project("{9A19103F-16F7-4668-BE54-9A1E7A4F7556}") = "TD.WebshopListener.Domain", "src\TD.WebshopListener\TD.WebshopListener.Domain\TD.WebshopListener.Domain.csproj", "{2EA4D7EC-EE8B-4116-AB6D-90E804741222}"
EndProject
Project("{2150E333-8FDC-42A3-9474-1A3956D46DE8}") = "Komercijalno", "Komercijalno", "{CC1B9E16-E0D9-4464-AAF6-8FB411866608}"
EndProject
Project("{9A19103F-16F7-4668-BE54-9A1E7A4F7556}") = "TD.Komercijalno.Api", "src\TD.Komercijalno\TD.Komercijalno.Api\TD.Komercijalno.Api.csproj", "{02B4FA4C-B603-4128-B7CD-2095D2B6CC20}"
EndProject
Project("{9A19103F-16F7-4668-BE54-9A1E7A4F7556}") = "TD.Komercijalno.Contracts", "src\TD.Komercijalno\TD.Komercijalno.Contracts\TD.Komercijalno.Contracts.csproj", "{38F79E2E-CAEE-4532-8506-FC3F0F0CC84A}"
EndProject
Project("{9A19103F-16F7-4668-BE54-9A1E7A4F7556}") = "TD.Komercijalno.Repository", "src\TD.Komercijalno\TD.Komercijalno.Repository\TD.Komercijalno.Repository.csproj", "{5D659FF0-49DE-413D-8EC5-AF6AFC8DD07B}"
EndProject
Project("{9A19103F-16F7-4668-BE54-9A1E7A4F7556}") = "TD.Komercijalno.Domain", "src\TD.Komercijalno\TD.Komercijalno.Domain\TD.Komercijalno.Domain.csproj", "{96BEE801-FF64-447C-BB80-FE5B2363EF54}"
EndProject
Project("{2150E333-8FDC-42A3-9474-1A3956D46DE8}") = "SMS", "SMS", "{F186E439-4F51-4251-8989-3B6CB282BB5E}"
EndProject
Project("{9A19103F-16F7-4668-BE54-9A1E7A4F7556}") = "TD.SMS.Api", "src\TD.SMS\TD.SMS.Api\TD.SMS.Api.csproj", "{5A05E7AF-DDCD-45D9-B38B-6ACD0FA77677}"
EndProject
Project("{9A19103F-16F7-4668-BE54-9A1E7A4F7556}") = "TD.SMS.Contracts", "src\TD.SMS\TD.SMS.Contracts\TD.SMS.Contracts.csproj", "{41407BCF-08A5-42F7-802F-ABAFAA480BD4}"
EndProject
Project("{9A19103F-16F7-4668-BE54-9A1E7A4F7556}") = "TD.SMS.Domain", "src\TD.SMS\TD.SMS.Domain\TD.SMS.Domain.csproj", "{C6DD4DE0-710F-4441-A8DC-6B1F826CA7E2}"
EndProject
Project("{9A19103F-16F7-4668-BE54-9A1E7A4F7556}") = "TD.SMS.Repository", "src\TD.SMS\TD.SMS.Repository\TD.SMS.Repository.csproj", "{90975195-0C16-4DE7-A2DC-CB299EF4976B}"
EndProject
Project("{2150E333-8FDC-42A3-9474-1A3956D46DE8}") = "TDOffice", "TDOffice", "{B37505A8-E0DF-47A2-8ABA-E9672A06060C}"
EndProject
Project("{9A19103F-16F7-4668-BE54-9A1E7A4F7556}") = "TD.TDOffice.Api", "src\TD.TDOffice\TD.TDOffice.Api\TD.TDOffice.Api.csproj", "{BEC670A4-5E57-4EDD-A1E4-91B0652D7F70}"
EndProject
Project("{9A19103F-16F7-4668-BE54-9A1E7A4F7556}") = "TD.TDOffice.Contracts", "src\TD.TDOffice\TD.TDOffice.Contracts\TD.TDOffice.Contracts.csproj", "{6050DE2E-72DA-4A34-B3ED-33AFDE03AF04}"
EndProject
Project("{9A19103F-16F7-4668-BE54-9A1E7A4F7556}") = "TD.TDOffice.Domain", "src\TD.TDOffice\TD.TDOffice.Domain\TD.TDOffice.Domain.csproj", "{20E2D6D1-5C56-468E-ADE0-84C861EE890C}"
EndProject
Project("{9A19103F-16F7-4668-BE54-9A1E7A4F7556}") = "TD.TDOffice.Repository", "src\TD.TDOffice\TD.TDOffice.Repository\TD.TDOffice.Repository.csproj", "{4761582D-50BB-4576-A98E-042115EAB804}"
EndProject
Project("{2150E333-8FDC-42A3-9474-1A3956D46DE8}") = "FE.TDOffice", "FE.TDOffice", "{870FA2D5-4338-4C3A-B4E1-275651CE36EE}"
EndProject
Project("{9A19103F-16F7-4668-BE54-9A1E7A4F7556}") = "TD.FE.TDOffice.Contracts", "src\TD.FE\TD.FE.TDOffice\TD.FE.TDOffice.Contracts\TD.FE.TDOffice.Contracts.csproj", "{AC095863-7517-480A-8306-033E1B402555}"
EndProject
Project("{9A19103F-16F7-4668-BE54-9A1E7A4F7556}") = "TD.FE.TDOffice.Api", "src\TD.FE\TD.FE.TDOffice\TD.FE.TDOffice.Api\TD.FE.TDOffice.Api.csproj", "{3E2525D5-1049-42FE-B8E4-FABEFBCDB066}"
EndProject
Project("{9A19103F-16F7-4668-BE54-9A1E7A4F7556}") = "TD.FE.TDOffice.Domain", "src\TD.FE\TD.FE.TDOffice\TD.FE.TDOffice.Domain\TD.FE.TDOffice.Domain.csproj", "{D80400D2-CE88-441C-9911-A95C401FF79B}"
EndProject
Project("{2150E333-8FDC-42A3-9474-1A3956D46DE8}") = "FE", "FE", "{A0AF1CCD-306F-421F-8D3B-E6D1BB02A140}"
EndProject
Project("{2150E333-8FDC-42A3-9474-1A3956D46DE8}") = "TD.Web", "TD.Web", "{6CE24EA0-1EAD-487F-8FA7-9DF173A12A89}"
EndProject
Project("{2150E333-8FDC-42A3-9474-1A3956D46DE8}") = "TD.Web.Veleprodaja", "TD.Web.Veleprodaja", "{05E41F84-244A-41E5-8C18-A7FDD34C7C86}"
EndProject
Project("{9A19103F-16F7-4668-BE54-9A1E7A4F7556}") = "TD.Web.Veleprodaja.Api", "src\WebApplications\TD.Web.Veleprodaja\TD.Web.Veleprodaja.Api\TD.Web.Veleprodaja.Api.csproj", "{85A9A1C1-1C67-4F7E-A6DB-7C7C3B845393}"
EndProject
Project("{9A19103F-16F7-4668-BE54-9A1E7A4F7556}") = "TD.Web.Veleprodaja.Contracts", "src\WebApplications\TD.Web.Veleprodaja\TD.Web.Veleprodaja.Contracts\TD.Web.Veleprodaja.Contracts.csproj", "{AE63CEDE-8600-45FA-8414-10A9DB024BDB}"
EndProject
Project("{9A19103F-16F7-4668-BE54-9A1E7A4F7556}") = "TD.Web.Veleprodaja.Domain", "src\WebApplications\TD.Web.Veleprodaja\TD.Web.Veleprodaja.Domain\TD.Web.Veleprodaja.Domain.csproj", "{54F9CAD3-D593-4EC5-85D5-0F9FF114F67F}"
EndProject
Project("{9A19103F-16F7-4668-BE54-9A1E7A4F7556}") = "TD.Web.Veleprodaja.Repository", "src\WebApplications\TD.Web.Veleprodaja\TD.Web.Veleprodaja.Repository\TD.Web.Veleprodaja.Repository.csproj", "{9A54FF3E-C24F-4AE2-BC47-114231908A29}"
EndProject
Project("{2150E333-8FDC-42A3-9474-1A3956D46DE8}") = "Webshop", "Webshop", "{F0636BD7-9B8A-412C-979D-9BED12BFF5F3}"
EndProject
Project("{9A19103F-16F7-4668-BE54-9A1E7A4F7556}") = "TD.Webshop.Api", "src\TD.Webshop\TD.Webshop.Api\TD.Webshop.Api.csproj", "{4BDFBE26-1B7C-4329-8636-0C4E7136CA2E}"
EndProject
Project("{9A19103F-16F7-4668-BE54-9A1E7A4F7556}") = "TD.Webshop.Contracts", "src\TD.Webshop\TD.Webshop.Contracts\TD.Webshop.Contracts.csproj", "{94FE1E93-E2FE-464D-8905-BC6221987D69}"
EndProject
Project("{9A19103F-16F7-4668-BE54-9A1E7A4F7556}") = "TD.Webshop.Domain", "src\TD.Webshop\TD.Webshop.Domain\TD.Webshop.Domain.csproj", "{B7C7FD99-2F6D-428E-ABB3-626C10858332}"
EndProject
Project("{9A19103F-16F7-4668-BE54-9A1E7A4F7556}") = "TD.Webshop.Repository", "src\TD.Webshop\TD.Webshop.Repository\TD.Webshop.Repository.csproj", "{03BB236C-3F9B-4378-84CC-3F3EC7E82FD1}"
EndProject
Project("{9A19103F-16F7-4668-BE54-9A1E7A4F7556}") = "TD.DbMigrations.Repository", "src\TD.DbMigrations\TD.DbMigrations.Repository\TD.DbMigrations.Repository.csproj", "{CE46619C-42B6-4FB7-A463-5B3788DF6FD8}"
EndProject
Project("{2150E333-8FDC-42A3-9474-1A3956D46DE8}") = "LS", "LS", "{A2D39346-8AAC-438D-BE09-25FE1A62198B}"
EndProject
Project("{9A19103F-16F7-4668-BE54-9A1E7A4F7556}") = "LS.MinIO.Contracts", "src\LS\LS.Minio\LS.MinIO.Contracts\LS.MinIO.Contracts.csproj", "{EB304899-51EC-43F7-BF19-3810F6378C5A}"
EndProject
Project("{9A19103F-16F7-4668-BE54-9A1E7A4F7556}") = "LS.MinIO.Domain", "src\LS\LS.Minio\LS.MinIO.Domain\LS.MinIO.Domain.csproj", "{841D002A-D505-41D7-82A4-F1CD5900B1A0}"
EndProject
Project("{9A19103F-16F7-4668-BE54-9A1E7A4F7556}") = "TD.Web.Api", "src\WebApplications\TD.Web.Api\TD.Web.Api.csproj", "{0370001A-4E50-49FF-83AF-23710B270221}"
EndProject
Project("{9A19103F-16F7-4668-BE54-9A1E7A4F7556}") = "TD.Web.Contracts", "src\WebApplications\TD.Web.Contracts\TD.Web.Contracts.csproj", "{7936BF0F-483D-4D8D-9C59-391AB905221C}"
EndProject
Project("{9A19103F-16F7-4668-BE54-9A1E7A4F7556}") = "TD.Web.Domain", "src\WebApplications\TD.Web.Domain\TD.Web.Domain.csproj", "{F5D64F71-B0CC-45B4-91CE-B632FD747E15}"
EndProject
Project("{9A19103F-16F7-4668-BE54-9A1E7A4F7556}") = "TD.Web.Repository", "src\WebApplications\TD.Web.Repository\TD.Web.Repository.csproj", "{63F42760-E399-4B9A-8864-E9F825C51803}"
EndProject
Project("{2150E333-8FDC-42A3-9474-1A3956D46DE8}") = "Demo", "Demo", "{CE4CB8BE-04C1-4DB8-A7AB-FE19D271E1B6}"
EndProject
Project("{FAE04EC0-301F-11D3-BF4B-00C04F79EFBC}") = "Demo.Api", "src\Demo\Demo.Api\Demo.Api.csproj", "{8E43A13E-F7AD-4C06-9B54-6921A32F55F9}"
EndProject
Project("{FAE04EC0-301F-11D3-BF4B-00C04F79EFBC}") = "Demo.Contracts", "src\Demo\Demo.Contracts\Demo.Contracts.csproj", "{E6032998-0B6F-4763-9908-711D2BCDCE56}"
EndProject
Project("{FAE04EC0-301F-11D3-BF4B-00C04F79EFBC}") = "Demo.Domain", "src\Demo\Demo.Domain\Demo.Domain.csproj", "{9EB2AA85-E725-432A-8517-B6BD4FEDBBEE}"
EndProject
Project("{FAE04EC0-301F-11D3-BF4B-00C04F79EFBC}") = "Demo.Repository", "src\Demo\Demo.Repository\Demo.Repository.csproj", "{2162690B-B13D-4C1D-9178-E1BD54E572B1}"
EndProject
Global
	GlobalSection(SolutionConfigurationPlatforms) = preSolution
		Debug|Any CPU = Debug|Any CPU
		Release|Any CPU = Release|Any CPU
	EndGlobalSection
	GlobalSection(ProjectConfigurationPlatforms) = postSolution
		{A2C1B283-F708-478D-A3E6-5B3EAB55AE1E}.Debug|Any CPU.ActiveCfg = Debug|Any CPU
		{A2C1B283-F708-478D-A3E6-5B3EAB55AE1E}.Debug|Any CPU.Build.0 = Debug|Any CPU
		{A2C1B283-F708-478D-A3E6-5B3EAB55AE1E}.Release|Any CPU.ActiveCfg = Release|Any CPU
		{A2C1B283-F708-478D-A3E6-5B3EAB55AE1E}.Release|Any CPU.Build.0 = Release|Any CPU
		{39FDBC8C-57A2-48E4-87C2-4D132510992C}.Debug|Any CPU.ActiveCfg = Debug|Any CPU
		{39FDBC8C-57A2-48E4-87C2-4D132510992C}.Debug|Any CPU.Build.0 = Debug|Any CPU
		{39FDBC8C-57A2-48E4-87C2-4D132510992C}.Release|Any CPU.ActiveCfg = Release|Any CPU
		{39FDBC8C-57A2-48E4-87C2-4D132510992C}.Release|Any CPU.Build.0 = Release|Any CPU
		{3F9C89F5-30F5-48CA-95F0-3846A60FCB2B}.Debug|Any CPU.ActiveCfg = Debug|Any CPU
		{3F9C89F5-30F5-48CA-95F0-3846A60FCB2B}.Debug|Any CPU.Build.0 = Debug|Any CPU
		{3F9C89F5-30F5-48CA-95F0-3846A60FCB2B}.Release|Any CPU.ActiveCfg = Release|Any CPU
		{3F9C89F5-30F5-48CA-95F0-3846A60FCB2B}.Release|Any CPU.Build.0 = Release|Any CPU
		{152F2808-B9DA-43C2-8840-7DEC5B677456}.Debug|Any CPU.ActiveCfg = Debug|Any CPU
		{152F2808-B9DA-43C2-8840-7DEC5B677456}.Debug|Any CPU.Build.0 = Debug|Any CPU
		{152F2808-B9DA-43C2-8840-7DEC5B677456}.Release|Any CPU.ActiveCfg = Release|Any CPU
		{152F2808-B9DA-43C2-8840-7DEC5B677456}.Release|Any CPU.Build.0 = Release|Any CPU
		{3F27647B-3B33-4B72-B755-12DCA9F13DE3}.Debug|Any CPU.ActiveCfg = Debug|Any CPU
		{3F27647B-3B33-4B72-B755-12DCA9F13DE3}.Debug|Any CPU.Build.0 = Debug|Any CPU
		{3F27647B-3B33-4B72-B755-12DCA9F13DE3}.Release|Any CPU.ActiveCfg = Release|Any CPU
		{3F27647B-3B33-4B72-B755-12DCA9F13DE3}.Release|Any CPU.Build.0 = Release|Any CPU
		{34F74EA9-044E-469E-9C78-43472E79D46D}.Debug|Any CPU.ActiveCfg = Debug|Any CPU
		{34F74EA9-044E-469E-9C78-43472E79D46D}.Debug|Any CPU.Build.0 = Debug|Any CPU
		{34F74EA9-044E-469E-9C78-43472E79D46D}.Release|Any CPU.ActiveCfg = Release|Any CPU
		{34F74EA9-044E-469E-9C78-43472E79D46D}.Release|Any CPU.Build.0 = Release|Any CPU
		{B48D1839-FD5C-4B8A-A31A-240E5DEC88A2}.Debug|Any CPU.ActiveCfg = Debug|Any CPU
		{B48D1839-FD5C-4B8A-A31A-240E5DEC88A2}.Debug|Any CPU.Build.0 = Debug|Any CPU
		{B48D1839-FD5C-4B8A-A31A-240E5DEC88A2}.Release|Any CPU.ActiveCfg = Release|Any CPU
		{B48D1839-FD5C-4B8A-A31A-240E5DEC88A2}.Release|Any CPU.Build.0 = Release|Any CPU
		{E68F78AA-5E83-4ABB-A2DF-10EEF90D3BA1}.Debug|Any CPU.ActiveCfg = Debug|Any CPU
		{E68F78AA-5E83-4ABB-A2DF-10EEF90D3BA1}.Debug|Any CPU.Build.0 = Debug|Any CPU
		{E68F78AA-5E83-4ABB-A2DF-10EEF90D3BA1}.Release|Any CPU.ActiveCfg = Release|Any CPU
		{E68F78AA-5E83-4ABB-A2DF-10EEF90D3BA1}.Release|Any CPU.Build.0 = Release|Any CPU
		{8D86A88A-E5DF-4AF2-889A-80EC26B15C8C}.Debug|Any CPU.ActiveCfg = Debug|Any CPU
		{8D86A88A-E5DF-4AF2-889A-80EC26B15C8C}.Debug|Any CPU.Build.0 = Debug|Any CPU
		{8D86A88A-E5DF-4AF2-889A-80EC26B15C8C}.Release|Any CPU.ActiveCfg = Release|Any CPU
		{8D86A88A-E5DF-4AF2-889A-80EC26B15C8C}.Release|Any CPU.Build.0 = Release|Any CPU
		{2EA4D7EC-EE8B-4116-AB6D-90E804741222}.Debug|Any CPU.ActiveCfg = Debug|Any CPU
		{2EA4D7EC-EE8B-4116-AB6D-90E804741222}.Debug|Any CPU.Build.0 = Debug|Any CPU
		{2EA4D7EC-EE8B-4116-AB6D-90E804741222}.Release|Any CPU.ActiveCfg = Release|Any CPU
		{2EA4D7EC-EE8B-4116-AB6D-90E804741222}.Release|Any CPU.Build.0 = Release|Any CPU
		{02B4FA4C-B603-4128-B7CD-2095D2B6CC20}.Debug|Any CPU.ActiveCfg = Debug|Any CPU
		{02B4FA4C-B603-4128-B7CD-2095D2B6CC20}.Debug|Any CPU.Build.0 = Debug|Any CPU
		{02B4FA4C-B603-4128-B7CD-2095D2B6CC20}.Release|Any CPU.ActiveCfg = Release|Any CPU
		{02B4FA4C-B603-4128-B7CD-2095D2B6CC20}.Release|Any CPU.Build.0 = Release|Any CPU
		{38F79E2E-CAEE-4532-8506-FC3F0F0CC84A}.Debug|Any CPU.ActiveCfg = Debug|Any CPU
		{38F79E2E-CAEE-4532-8506-FC3F0F0CC84A}.Debug|Any CPU.Build.0 = Debug|Any CPU
		{38F79E2E-CAEE-4532-8506-FC3F0F0CC84A}.Release|Any CPU.ActiveCfg = Release|Any CPU
		{38F79E2E-CAEE-4532-8506-FC3F0F0CC84A}.Release|Any CPU.Build.0 = Release|Any CPU
		{5D659FF0-49DE-413D-8EC5-AF6AFC8DD07B}.Debug|Any CPU.ActiveCfg = Debug|Any CPU
		{5D659FF0-49DE-413D-8EC5-AF6AFC8DD07B}.Debug|Any CPU.Build.0 = Debug|Any CPU
		{5D659FF0-49DE-413D-8EC5-AF6AFC8DD07B}.Release|Any CPU.ActiveCfg = Release|Any CPU
		{5D659FF0-49DE-413D-8EC5-AF6AFC8DD07B}.Release|Any CPU.Build.0 = Release|Any CPU
		{96BEE801-FF64-447C-BB80-FE5B2363EF54}.Debug|Any CPU.ActiveCfg = Debug|Any CPU
		{96BEE801-FF64-447C-BB80-FE5B2363EF54}.Debug|Any CPU.Build.0 = Debug|Any CPU
		{96BEE801-FF64-447C-BB80-FE5B2363EF54}.Release|Any CPU.ActiveCfg = Release|Any CPU
		{96BEE801-FF64-447C-BB80-FE5B2363EF54}.Release|Any CPU.Build.0 = Release|Any CPU
		{5A05E7AF-DDCD-45D9-B38B-6ACD0FA77677}.Debug|Any CPU.ActiveCfg = Debug|Any CPU
		{5A05E7AF-DDCD-45D9-B38B-6ACD0FA77677}.Debug|Any CPU.Build.0 = Debug|Any CPU
		{5A05E7AF-DDCD-45D9-B38B-6ACD0FA77677}.Release|Any CPU.ActiveCfg = Release|Any CPU
		{5A05E7AF-DDCD-45D9-B38B-6ACD0FA77677}.Release|Any CPU.Build.0 = Release|Any CPU
		{41407BCF-08A5-42F7-802F-ABAFAA480BD4}.Debug|Any CPU.ActiveCfg = Debug|Any CPU
		{41407BCF-08A5-42F7-802F-ABAFAA480BD4}.Debug|Any CPU.Build.0 = Debug|Any CPU
		{41407BCF-08A5-42F7-802F-ABAFAA480BD4}.Release|Any CPU.ActiveCfg = Release|Any CPU
		{41407BCF-08A5-42F7-802F-ABAFAA480BD4}.Release|Any CPU.Build.0 = Release|Any CPU
		{C6DD4DE0-710F-4441-A8DC-6B1F826CA7E2}.Debug|Any CPU.ActiveCfg = Debug|Any CPU
		{C6DD4DE0-710F-4441-A8DC-6B1F826CA7E2}.Debug|Any CPU.Build.0 = Debug|Any CPU
		{C6DD4DE0-710F-4441-A8DC-6B1F826CA7E2}.Release|Any CPU.ActiveCfg = Release|Any CPU
		{C6DD4DE0-710F-4441-A8DC-6B1F826CA7E2}.Release|Any CPU.Build.0 = Release|Any CPU
		{90975195-0C16-4DE7-A2DC-CB299EF4976B}.Debug|Any CPU.ActiveCfg = Debug|Any CPU
		{90975195-0C16-4DE7-A2DC-CB299EF4976B}.Debug|Any CPU.Build.0 = Debug|Any CPU
		{90975195-0C16-4DE7-A2DC-CB299EF4976B}.Release|Any CPU.ActiveCfg = Release|Any CPU
		{90975195-0C16-4DE7-A2DC-CB299EF4976B}.Release|Any CPU.Build.0 = Release|Any CPU
		{BEC670A4-5E57-4EDD-A1E4-91B0652D7F70}.Debug|Any CPU.ActiveCfg = Debug|Any CPU
		{BEC670A4-5E57-4EDD-A1E4-91B0652D7F70}.Debug|Any CPU.Build.0 = Debug|Any CPU
		{BEC670A4-5E57-4EDD-A1E4-91B0652D7F70}.Release|Any CPU.ActiveCfg = Release|Any CPU
		{BEC670A4-5E57-4EDD-A1E4-91B0652D7F70}.Release|Any CPU.Build.0 = Release|Any CPU
		{6050DE2E-72DA-4A34-B3ED-33AFDE03AF04}.Debug|Any CPU.ActiveCfg = Debug|Any CPU
		{6050DE2E-72DA-4A34-B3ED-33AFDE03AF04}.Debug|Any CPU.Build.0 = Debug|Any CPU
		{6050DE2E-72DA-4A34-B3ED-33AFDE03AF04}.Release|Any CPU.ActiveCfg = Release|Any CPU
		{6050DE2E-72DA-4A34-B3ED-33AFDE03AF04}.Release|Any CPU.Build.0 = Release|Any CPU
		{20E2D6D1-5C56-468E-ADE0-84C861EE890C}.Debug|Any CPU.ActiveCfg = Debug|Any CPU
		{20E2D6D1-5C56-468E-ADE0-84C861EE890C}.Debug|Any CPU.Build.0 = Debug|Any CPU
		{20E2D6D1-5C56-468E-ADE0-84C861EE890C}.Release|Any CPU.ActiveCfg = Release|Any CPU
		{20E2D6D1-5C56-468E-ADE0-84C861EE890C}.Release|Any CPU.Build.0 = Release|Any CPU
		{4761582D-50BB-4576-A98E-042115EAB804}.Debug|Any CPU.ActiveCfg = Debug|Any CPU
		{4761582D-50BB-4576-A98E-042115EAB804}.Debug|Any CPU.Build.0 = Debug|Any CPU
		{4761582D-50BB-4576-A98E-042115EAB804}.Release|Any CPU.ActiveCfg = Release|Any CPU
		{4761582D-50BB-4576-A98E-042115EAB804}.Release|Any CPU.Build.0 = Release|Any CPU
		{AC095863-7517-480A-8306-033E1B402555}.Debug|Any CPU.ActiveCfg = Debug|Any CPU
		{AC095863-7517-480A-8306-033E1B402555}.Debug|Any CPU.Build.0 = Debug|Any CPU
		{AC095863-7517-480A-8306-033E1B402555}.Release|Any CPU.ActiveCfg = Release|Any CPU
		{AC095863-7517-480A-8306-033E1B402555}.Release|Any CPU.Build.0 = Release|Any CPU
		{3E2525D5-1049-42FE-B8E4-FABEFBCDB066}.Debug|Any CPU.ActiveCfg = Debug|Any CPU
		{3E2525D5-1049-42FE-B8E4-FABEFBCDB066}.Debug|Any CPU.Build.0 = Debug|Any CPU
		{3E2525D5-1049-42FE-B8E4-FABEFBCDB066}.Release|Any CPU.ActiveCfg = Release|Any CPU
		{3E2525D5-1049-42FE-B8E4-FABEFBCDB066}.Release|Any CPU.Build.0 = Release|Any CPU
		{D80400D2-CE88-441C-9911-A95C401FF79B}.Debug|Any CPU.ActiveCfg = Debug|Any CPU
		{D80400D2-CE88-441C-9911-A95C401FF79B}.Debug|Any CPU.Build.0 = Debug|Any CPU
		{D80400D2-CE88-441C-9911-A95C401FF79B}.Release|Any CPU.ActiveCfg = Release|Any CPU
		{D80400D2-CE88-441C-9911-A95C401FF79B}.Release|Any CPU.Build.0 = Release|Any CPU
		{85A9A1C1-1C67-4F7E-A6DB-7C7C3B845393}.Debug|Any CPU.ActiveCfg = Debug|Any CPU
		{85A9A1C1-1C67-4F7E-A6DB-7C7C3B845393}.Debug|Any CPU.Build.0 = Debug|Any CPU
		{85A9A1C1-1C67-4F7E-A6DB-7C7C3B845393}.Release|Any CPU.ActiveCfg = Release|Any CPU
		{85A9A1C1-1C67-4F7E-A6DB-7C7C3B845393}.Release|Any CPU.Build.0 = Release|Any CPU
		{AE63CEDE-8600-45FA-8414-10A9DB024BDB}.Debug|Any CPU.ActiveCfg = Debug|Any CPU
		{AE63CEDE-8600-45FA-8414-10A9DB024BDB}.Debug|Any CPU.Build.0 = Debug|Any CPU
		{AE63CEDE-8600-45FA-8414-10A9DB024BDB}.Release|Any CPU.ActiveCfg = Release|Any CPU
		{AE63CEDE-8600-45FA-8414-10A9DB024BDB}.Release|Any CPU.Build.0 = Release|Any CPU
		{54F9CAD3-D593-4EC5-85D5-0F9FF114F67F}.Debug|Any CPU.ActiveCfg = Debug|Any CPU
		{54F9CAD3-D593-4EC5-85D5-0F9FF114F67F}.Debug|Any CPU.Build.0 = Debug|Any CPU
		{54F9CAD3-D593-4EC5-85D5-0F9FF114F67F}.Release|Any CPU.ActiveCfg = Release|Any CPU
		{54F9CAD3-D593-4EC5-85D5-0F9FF114F67F}.Release|Any CPU.Build.0 = Release|Any CPU
		{9A54FF3E-C24F-4AE2-BC47-114231908A29}.Debug|Any CPU.ActiveCfg = Debug|Any CPU
		{9A54FF3E-C24F-4AE2-BC47-114231908A29}.Debug|Any CPU.Build.0 = Debug|Any CPU
		{9A54FF3E-C24F-4AE2-BC47-114231908A29}.Release|Any CPU.ActiveCfg = Release|Any CPU
		{9A54FF3E-C24F-4AE2-BC47-114231908A29}.Release|Any CPU.Build.0 = Release|Any CPU
		{4BDFBE26-1B7C-4329-8636-0C4E7136CA2E}.Debug|Any CPU.ActiveCfg = Debug|Any CPU
		{4BDFBE26-1B7C-4329-8636-0C4E7136CA2E}.Debug|Any CPU.Build.0 = Debug|Any CPU
		{4BDFBE26-1B7C-4329-8636-0C4E7136CA2E}.Release|Any CPU.ActiveCfg = Release|Any CPU
		{4BDFBE26-1B7C-4329-8636-0C4E7136CA2E}.Release|Any CPU.Build.0 = Release|Any CPU
		{94FE1E93-E2FE-464D-8905-BC6221987D69}.Debug|Any CPU.ActiveCfg = Debug|Any CPU
		{94FE1E93-E2FE-464D-8905-BC6221987D69}.Debug|Any CPU.Build.0 = Debug|Any CPU
		{94FE1E93-E2FE-464D-8905-BC6221987D69}.Release|Any CPU.ActiveCfg = Release|Any CPU
		{94FE1E93-E2FE-464D-8905-BC6221987D69}.Release|Any CPU.Build.0 = Release|Any CPU
		{B7C7FD99-2F6D-428E-ABB3-626C10858332}.Debug|Any CPU.ActiveCfg = Debug|Any CPU
		{B7C7FD99-2F6D-428E-ABB3-626C10858332}.Debug|Any CPU.Build.0 = Debug|Any CPU
		{B7C7FD99-2F6D-428E-ABB3-626C10858332}.Release|Any CPU.ActiveCfg = Release|Any CPU
		{B7C7FD99-2F6D-428E-ABB3-626C10858332}.Release|Any CPU.Build.0 = Release|Any CPU
		{03BB236C-3F9B-4378-84CC-3F3EC7E82FD1}.Debug|Any CPU.ActiveCfg = Debug|Any CPU
		{03BB236C-3F9B-4378-84CC-3F3EC7E82FD1}.Debug|Any CPU.Build.0 = Debug|Any CPU
		{03BB236C-3F9B-4378-84CC-3F3EC7E82FD1}.Release|Any CPU.ActiveCfg = Release|Any CPU
		{03BB236C-3F9B-4378-84CC-3F3EC7E82FD1}.Release|Any CPU.Build.0 = Release|Any CPU
		{CE46619C-42B6-4FB7-A463-5B3788DF6FD8}.Debug|Any CPU.ActiveCfg = Debug|Any CPU
		{CE46619C-42B6-4FB7-A463-5B3788DF6FD8}.Debug|Any CPU.Build.0 = Debug|Any CPU
		{CE46619C-42B6-4FB7-A463-5B3788DF6FD8}.Release|Any CPU.ActiveCfg = Release|Any CPU
		{CE46619C-42B6-4FB7-A463-5B3788DF6FD8}.Release|Any CPU.Build.0 = Release|Any CPU
		{EB304899-51EC-43F7-BF19-3810F6378C5A}.Debug|Any CPU.ActiveCfg = Debug|Any CPU
		{EB304899-51EC-43F7-BF19-3810F6378C5A}.Debug|Any CPU.Build.0 = Debug|Any CPU
		{EB304899-51EC-43F7-BF19-3810F6378C5A}.Release|Any CPU.ActiveCfg = Release|Any CPU
		{EB304899-51EC-43F7-BF19-3810F6378C5A}.Release|Any CPU.Build.0 = Release|Any CPU
		{841D002A-D505-41D7-82A4-F1CD5900B1A0}.Debug|Any CPU.ActiveCfg = Debug|Any CPU
		{841D002A-D505-41D7-82A4-F1CD5900B1A0}.Debug|Any CPU.Build.0 = Debug|Any CPU
		{841D002A-D505-41D7-82A4-F1CD5900B1A0}.Release|Any CPU.ActiveCfg = Release|Any CPU
		{841D002A-D505-41D7-82A4-F1CD5900B1A0}.Release|Any CPU.Build.0 = Release|Any CPU
		{0370001A-4E50-49FF-83AF-23710B270221}.Debug|Any CPU.ActiveCfg = Debug|Any CPU
		{0370001A-4E50-49FF-83AF-23710B270221}.Debug|Any CPU.Build.0 = Debug|Any CPU
		{0370001A-4E50-49FF-83AF-23710B270221}.Release|Any CPU.ActiveCfg = Release|Any CPU
		{0370001A-4E50-49FF-83AF-23710B270221}.Release|Any CPU.Build.0 = Release|Any CPU
		{7936BF0F-483D-4D8D-9C59-391AB905221C}.Debug|Any CPU.ActiveCfg = Debug|Any CPU
		{7936BF0F-483D-4D8D-9C59-391AB905221C}.Debug|Any CPU.Build.0 = Debug|Any CPU
		{7936BF0F-483D-4D8D-9C59-391AB905221C}.Release|Any CPU.ActiveCfg = Release|Any CPU
		{7936BF0F-483D-4D8D-9C59-391AB905221C}.Release|Any CPU.Build.0 = Release|Any CPU
		{F5D64F71-B0CC-45B4-91CE-B632FD747E15}.Debug|Any CPU.ActiveCfg = Debug|Any CPU
		{F5D64F71-B0CC-45B4-91CE-B632FD747E15}.Debug|Any CPU.Build.0 = Debug|Any CPU
		{F5D64F71-B0CC-45B4-91CE-B632FD747E15}.Release|Any CPU.ActiveCfg = Release|Any CPU
		{F5D64F71-B0CC-45B4-91CE-B632FD747E15}.Release|Any CPU.Build.0 = Release|Any CPU
		{63F42760-E399-4B9A-8864-E9F825C51803}.Debug|Any CPU.ActiveCfg = Debug|Any CPU
		{63F42760-E399-4B9A-8864-E9F825C51803}.Debug|Any CPU.Build.0 = Debug|Any CPU
		{63F42760-E399-4B9A-8864-E9F825C51803}.Release|Any CPU.ActiveCfg = Release|Any CPU
		{63F42760-E399-4B9A-8864-E9F825C51803}.Release|Any CPU.Build.0 = Release|Any CPU
		{8E43A13E-F7AD-4C06-9B54-6921A32F55F9}.Debug|Any CPU.ActiveCfg = Debug|Any CPU
		{8E43A13E-F7AD-4C06-9B54-6921A32F55F9}.Debug|Any CPU.Build.0 = Debug|Any CPU
		{8E43A13E-F7AD-4C06-9B54-6921A32F55F9}.Release|Any CPU.ActiveCfg = Release|Any CPU
		{8E43A13E-F7AD-4C06-9B54-6921A32F55F9}.Release|Any CPU.Build.0 = Release|Any CPU
		{E6032998-0B6F-4763-9908-711D2BCDCE56}.Debug|Any CPU.ActiveCfg = Debug|Any CPU
		{E6032998-0B6F-4763-9908-711D2BCDCE56}.Debug|Any CPU.Build.0 = Debug|Any CPU
		{E6032998-0B6F-4763-9908-711D2BCDCE56}.Release|Any CPU.ActiveCfg = Release|Any CPU
		{E6032998-0B6F-4763-9908-711D2BCDCE56}.Release|Any CPU.Build.0 = Release|Any CPU
		{9EB2AA85-E725-432A-8517-B6BD4FEDBBEE}.Debug|Any CPU.ActiveCfg = Debug|Any CPU
		{9EB2AA85-E725-432A-8517-B6BD4FEDBBEE}.Debug|Any CPU.Build.0 = Debug|Any CPU
		{9EB2AA85-E725-432A-8517-B6BD4FEDBBEE}.Release|Any CPU.ActiveCfg = Release|Any CPU
		{9EB2AA85-E725-432A-8517-B6BD4FEDBBEE}.Release|Any CPU.Build.0 = Release|Any CPU
		{2162690B-B13D-4C1D-9178-E1BD54E572B1}.Debug|Any CPU.ActiveCfg = Debug|Any CPU
		{2162690B-B13D-4C1D-9178-E1BD54E572B1}.Debug|Any CPU.Build.0 = Debug|Any CPU
		{2162690B-B13D-4C1D-9178-E1BD54E572B1}.Release|Any CPU.ActiveCfg = Release|Any CPU
		{2162690B-B13D-4C1D-9178-E1BD54E572B1}.Release|Any CPU.Build.0 = Release|Any CPU
	EndGlobalSection
	GlobalSection(SolutionProperties) = preSolution
		HideSolutionNode = FALSE
	EndGlobalSection
	GlobalSection(NestedProjects) = preSolution
		{A2C1B283-F708-478D-A3E6-5B3EAB55AE1E} = {ED0B9C23-C0B4-4871-879F-B2F725F72FFB}
		{39FDBC8C-57A2-48E4-87C2-4D132510992C} = {ED0B9C23-C0B4-4871-879F-B2F725F72FFB}
		{3F9C89F5-30F5-48CA-95F0-3846A60FCB2B} = {B725A8AA-A5A8-48C9-BD5D-5897E468759D}
		{152F2808-B9DA-43C2-8840-7DEC5B677456} = {3F58868C-E60C-4627-8F5B-749801EC4DCD}
		{3F27647B-3B33-4B72-B755-12DCA9F13DE3} = {ED0B9C23-C0B4-4871-879F-B2F725F72FFB}
		{34F74EA9-044E-469E-9C78-43472E79D46D} = {3F58868C-E60C-4627-8F5B-749801EC4DCD}
		{B48D1839-FD5C-4B8A-A31A-240E5DEC88A2} = {3F58868C-E60C-4627-8F5B-749801EC4DCD}
		{E68F78AA-5E83-4ABB-A2DF-10EEF90D3BA1} = {ED0B9C23-C0B4-4871-879F-B2F725F72FFB}
		{8D86A88A-E5DF-4AF2-889A-80EC26B15C8C} = {B725A8AA-A5A8-48C9-BD5D-5897E468759D}
		{2EA4D7EC-EE8B-4116-AB6D-90E804741222} = {B725A8AA-A5A8-48C9-BD5D-5897E468759D}
		{02B4FA4C-B603-4128-B7CD-2095D2B6CC20} = {CC1B9E16-E0D9-4464-AAF6-8FB411866608}
		{38F79E2E-CAEE-4532-8506-FC3F0F0CC84A} = {CC1B9E16-E0D9-4464-AAF6-8FB411866608}
		{5D659FF0-49DE-413D-8EC5-AF6AFC8DD07B} = {CC1B9E16-E0D9-4464-AAF6-8FB411866608}
		{96BEE801-FF64-447C-BB80-FE5B2363EF54} = {CC1B9E16-E0D9-4464-AAF6-8FB411866608}
		{5A05E7AF-DDCD-45D9-B38B-6ACD0FA77677} = {F186E439-4F51-4251-8989-3B6CB282BB5E}
		{41407BCF-08A5-42F7-802F-ABAFAA480BD4} = {F186E439-4F51-4251-8989-3B6CB282BB5E}
		{C6DD4DE0-710F-4441-A8DC-6B1F826CA7E2} = {F186E439-4F51-4251-8989-3B6CB282BB5E}
		{90975195-0C16-4DE7-A2DC-CB299EF4976B} = {F186E439-4F51-4251-8989-3B6CB282BB5E}
		{BEC670A4-5E57-4EDD-A1E4-91B0652D7F70} = {B37505A8-E0DF-47A2-8ABA-E9672A06060C}
		{6050DE2E-72DA-4A34-B3ED-33AFDE03AF04} = {B37505A8-E0DF-47A2-8ABA-E9672A06060C}
		{20E2D6D1-5C56-468E-ADE0-84C861EE890C} = {B37505A8-E0DF-47A2-8ABA-E9672A06060C}
		{4761582D-50BB-4576-A98E-042115EAB804} = {B37505A8-E0DF-47A2-8ABA-E9672A06060C}
		{870FA2D5-4338-4C3A-B4E1-275651CE36EE} = {A0AF1CCD-306F-421F-8D3B-E6D1BB02A140}
		{AC095863-7517-480A-8306-033E1B402555} = {870FA2D5-4338-4C3A-B4E1-275651CE36EE}
		{3E2525D5-1049-42FE-B8E4-FABEFBCDB066} = {870FA2D5-4338-4C3A-B4E1-275651CE36EE}
		{D80400D2-CE88-441C-9911-A95C401FF79B} = {870FA2D5-4338-4C3A-B4E1-275651CE36EE}
		{05E41F84-244A-41E5-8C18-A7FDD34C7C86} = {6CE24EA0-1EAD-487F-8FA7-9DF173A12A89}
		{85A9A1C1-1C67-4F7E-A6DB-7C7C3B845393} = {05E41F84-244A-41E5-8C18-A7FDD34C7C86}
		{AE63CEDE-8600-45FA-8414-10A9DB024BDB} = {05E41F84-244A-41E5-8C18-A7FDD34C7C86}
		{54F9CAD3-D593-4EC5-85D5-0F9FF114F67F} = {05E41F84-244A-41E5-8C18-A7FDD34C7C86}
		{9A54FF3E-C24F-4AE2-BC47-114231908A29} = {05E41F84-244A-41E5-8C18-A7FDD34C7C86}
		{4BDFBE26-1B7C-4329-8636-0C4E7136CA2E} = {F0636BD7-9B8A-412C-979D-9BED12BFF5F3}
		{94FE1E93-E2FE-464D-8905-BC6221987D69} = {F0636BD7-9B8A-412C-979D-9BED12BFF5F3}
		{B7C7FD99-2F6D-428E-ABB3-626C10858332} = {F0636BD7-9B8A-412C-979D-9BED12BFF5F3}
		{03BB236C-3F9B-4378-84CC-3F3EC7E82FD1} = {F0636BD7-9B8A-412C-979D-9BED12BFF5F3}
		{CE46619C-42B6-4FB7-A463-5B3788DF6FD8} = {3F58868C-E60C-4627-8F5B-749801EC4DCD}
		{EB304899-51EC-43F7-BF19-3810F6378C5A} = {A2D39346-8AAC-438D-BE09-25FE1A62198B}
		{841D002A-D505-41D7-82A4-F1CD5900B1A0} = {A2D39346-8AAC-438D-BE09-25FE1A62198B}
		{0370001A-4E50-49FF-83AF-23710B270221} = {6CE24EA0-1EAD-487F-8FA7-9DF173A12A89}
		{7936BF0F-483D-4D8D-9C59-391AB905221C} = {6CE24EA0-1EAD-487F-8FA7-9DF173A12A89}
		{F5D64F71-B0CC-45B4-91CE-B632FD747E15} = {6CE24EA0-1EAD-487F-8FA7-9DF173A12A89}
		{63F42760-E399-4B9A-8864-E9F825C51803} = {6CE24EA0-1EAD-487F-8FA7-9DF173A12A89}
		{8E43A13E-F7AD-4C06-9B54-6921A32F55F9} = {CE4CB8BE-04C1-4DB8-A7AB-FE19D271E1B6}
		{E6032998-0B6F-4763-9908-711D2BCDCE56} = {CE4CB8BE-04C1-4DB8-A7AB-FE19D271E1B6}
		{9EB2AA85-E725-432A-8517-B6BD4FEDBBEE} = {CE4CB8BE-04C1-4DB8-A7AB-FE19D271E1B6}
		{2162690B-B13D-4C1D-9178-E1BD54E572B1} = {CE4CB8BE-04C1-4DB8-A7AB-FE19D271E1B6}
	EndGlobalSection
	GlobalSection(ExtensibilityGlobals) = postSolution
		SolutionGuid = {B90EFF6F-32AD-4222-BA03-64F608E25823}
	EndGlobalSection
EndGlobal
