
Microsoft Visual Studio Solution File, Format Version 12.00
# Visual Studio Version 17
VisualStudioVersion = 17.4.33205.214
MinimumVisualStudioVersion = 10.0.40219.1
Project("{2150E333-8FDC-42A3-9474-1A3956D46DE8}") = "WebshopListener", "WebshopListener", "{B725A8AA-A5A8-48C9-BD5D-5897E468759D}"
EndProject
Project("{2150E333-8FDC-42A3-9474-1A3956D46DE8}") = "Core", "Core", "{ED0B9C23-C0B4-4871-879F-B2F725F72FFB}"
EndProject
Project("{9A19103F-16F7-4668-BE54-9A1E7A4F7556}") = "TD.Core.Contracts", "src\TD.Core\TD.Core.Contracts\TD.Core.Contracts.csproj", "{A2C1B283-F708-478D-A3E6-5B3EAB55AE1E}"
EndProject
Project("{9A19103F-16F7-4668-BE54-9A1E7A4F7556}") = "TD.Core.Framework", "src\TD.Core\TD.Core.Framework\TD.Core.Framework.csproj", "{39FDBC8C-57A2-48E4-87C2-4D132510992C}"
EndProject
Project("{9A19103F-16F7-4668-BE54-9A1E7A4F7556}") = "TD.WebshopListener.Contracts", "src\TD.WebshopListener\TD.WebshopListener.Contracts\TD.WebshopListener.Contracts.csproj", "{3F9C89F5-30F5-48CA-95F0-3846A60FCB2B}"
EndProject
Project("{9A19103F-16F7-4668-BE54-9A1E7A4F7556}") = "TD.Core.Repository", "src\TD.Core\TD.Core.Repository\TD.Core.Repository.csproj", "{3F27647B-3B33-4B72-B755-12DCA9F13DE3}"
EndProject
Project("{9A19103F-16F7-4668-BE54-9A1E7A4F7556}") = "TD.Core.Domain", "src\TD.Core\TD.Core.Domain\TD.Core.Domain.csproj", "{E68F78AA-5E83-4ABB-A2DF-10EEF90D3BA1}"
EndProject
Project("{9A19103F-16F7-4668-BE54-9A1E7A4F7556}") = "TD.WebshopListener.App", "src\TD.WebshopListener\TD.WebshopListener.App\TD.WebshopListener.App.csproj", "{8D86A88A-E5DF-4AF2-889A-80EC26B15C8C}"
EndProject
Project("{9A19103F-16F7-4668-BE54-9A1E7A4F7556}") = "TD.WebshopListener.Domain", "src\TD.WebshopListener\TD.WebshopListener.Domain\TD.WebshopListener.Domain.csproj", "{2EA4D7EC-EE8B-4116-AB6D-90E804741222}"
EndProject
Project("{2150E333-8FDC-42A3-9474-1A3956D46DE8}") = "Komercijalno", "Komercijalno", "{CC1B9E16-E0D9-4464-AAF6-8FB411866608}"
EndProject
Project("{9A19103F-16F7-4668-BE54-9A1E7A4F7556}") = "TD.Komercijalno.Api", "src\TD.Komercijalno\TD.Komercijalno.Api\TD.Komercijalno.Api.csproj", "{02B4FA4C-B603-4128-B7CD-2095D2B6CC20}"
EndProject
Project("{9A19103F-16F7-4668-BE54-9A1E7A4F7556}") = "TD.Komercijalno.Contracts", "src\TD.Komercijalno\TD.Komercijalno.Contracts\TD.Komercijalno.Contracts.csproj", "{38F79E2E-CAEE-4532-8506-FC3F0F0CC84A}"
EndProject
Project("{9A19103F-16F7-4668-BE54-9A1E7A4F7556}") = "TD.Komercijalno.Repository", "src\TD.Komercijalno\TD.Komercijalno.Repository\TD.Komercijalno.Repository.csproj", "{5D659FF0-49DE-413D-8EC5-AF6AFC8DD07B}"
EndProject
Project("{9A19103F-16F7-4668-BE54-9A1E7A4F7556}") = "TD.Komercijalno.Domain", "src\TD.Komercijalno\TD.Komercijalno.Domain\TD.Komercijalno.Domain.csproj", "{96BEE801-FF64-447C-BB80-FE5B2363EF54}"
EndProject
Project("{2150E333-8FDC-42A3-9474-1A3956D46DE8}") = "SMS", "SMS", "{F186E439-4F51-4251-8989-3B6CB282BB5E}"
EndProject
Project("{9A19103F-16F7-4668-BE54-9A1E7A4F7556}") = "TD.SMS.Api", "src\TD.SMS\TD.SMS.Api\TD.SMS.Api.csproj", "{5A05E7AF-DDCD-45D9-B38B-6ACD0FA77677}"
EndProject
Project("{9A19103F-16F7-4668-BE54-9A1E7A4F7556}") = "TD.SMS.Contracts", "src\TD.SMS\TD.SMS.Contracts\TD.SMS.Contracts.csproj", "{41407BCF-08A5-42F7-802F-ABAFAA480BD4}"
EndProject
Project("{9A19103F-16F7-4668-BE54-9A1E7A4F7556}") = "TD.SMS.Domain", "src\TD.SMS\TD.SMS.Domain\TD.SMS.Domain.csproj", "{C6DD4DE0-710F-4441-A8DC-6B1F826CA7E2}"
EndProject
Project("{9A19103F-16F7-4668-BE54-9A1E7A4F7556}") = "TD.SMS.Repository", "src\TD.SMS\TD.SMS.Repository\TD.SMS.Repository.csproj", "{90975195-0C16-4DE7-A2DC-CB299EF4976B}"
EndProject
Project("{2150E333-8FDC-42A3-9474-1A3956D46DE8}") = "TDOffice", "TDOffice", "{B37505A8-E0DF-47A2-8ABA-E9672A06060C}"
EndProject
Project("{9A19103F-16F7-4668-BE54-9A1E7A4F7556}") = "TD.TDOffice.Api", "src\TD.TDOffice\TD.TDOffice.Api\TD.TDOffice.Api.csproj", "{BEC670A4-5E57-4EDD-A1E4-91B0652D7F70}"
EndProject
Project("{9A19103F-16F7-4668-BE54-9A1E7A4F7556}") = "TD.TDOffice.Contracts", "src\TD.TDOffice\TD.TDOffice.Contracts\TD.TDOffice.Contracts.csproj", "{6050DE2E-72DA-4A34-B3ED-33AFDE03AF04}"
EndProject
Project("{9A19103F-16F7-4668-BE54-9A1E7A4F7556}") = "TD.TDOffice.Domain", "src\TD.TDOffice\TD.TDOffice.Domain\TD.TDOffice.Domain.csproj", "{20E2D6D1-5C56-468E-ADE0-84C861EE890C}"
EndProject
Project("{9A19103F-16F7-4668-BE54-9A1E7A4F7556}") = "TD.TDOffice.Repository", "src\TD.TDOffice\TD.TDOffice.Repository\TD.TDOffice.Repository.csproj", "{4761582D-50BB-4576-A98E-042115EAB804}"
EndProject
Project("{2150E333-8FDC-42A3-9474-1A3956D46DE8}") = "FE.TDOffice", "FE.TDOffice", "{870FA2D5-4338-4C3A-B4E1-275651CE36EE}"
EndProject
Project("{9A19103F-16F7-4668-BE54-9A1E7A4F7556}") = "TD.FE.TDOffice.Contracts", "src\TD.FE\TD.FE.TDOffice\TD.FE.TDOffice.Contracts\TD.FE.TDOffice.Contracts.csproj", "{AC095863-7517-480A-8306-033E1B402555}"
EndProject
Project("{9A19103F-16F7-4668-BE54-9A1E7A4F7556}") = "TD.FE.TDOffice.Api", "src\TD.FE\TD.FE.TDOffice\TD.FE.TDOffice.Api\TD.FE.TDOffice.Api.csproj", "{3E2525D5-1049-42FE-B8E4-FABEFBCDB066}"
EndProject
Project("{9A19103F-16F7-4668-BE54-9A1E7A4F7556}") = "TD.FE.TDOffice.Domain", "src\TD.FE\TD.FE.TDOffice\TD.FE.TDOffice.Domain\TD.FE.TDOffice.Domain.csproj", "{D80400D2-CE88-441C-9911-A95C401FF79B}"
EndProject
Project("{2150E333-8FDC-42A3-9474-1A3956D46DE8}") = "FE", "FE", "{A0AF1CCD-306F-421F-8D3B-E6D1BB02A140}"
EndProject
Project("{2150E333-8FDC-42A3-9474-1A3956D46DE8}") = "LS", "LS", "{A2D39346-8AAC-438D-BE09-25FE1A62198B}"
EndProject
Project("{9A19103F-16F7-4668-BE54-9A1E7A4F7556}") = "LS.MinIO.Contracts", "src\LS\LS.Minio\LS.MinIO.Contracts\LS.MinIO.Contracts.csproj", "{EB304899-51EC-43F7-BF19-3810F6378C5A}"
EndProject
Project("{9A19103F-16F7-4668-BE54-9A1E7A4F7556}") = "LS.MinIO.Domain", "src\LS\LS.Minio\LS.MinIO.Domain\LS.MinIO.Domain.csproj", "{841D002A-D505-41D7-82A4-F1CD5900B1A0}"
EndProject
Project("{2150E333-8FDC-42A3-9474-1A3956D46DE8}") = "TD.Web", "TD.Web", "{02FA1E69-29CF-4320-B66E-A36792DD97D0}"
EndProject
Project("{2150E333-8FDC-42A3-9474-1A3956D46DE8}") = "TD.Web.Admin", "TD.Web.Admin", "{FF144BF9-79BB-435A-95A2-003A3911A340}"
EndProject
Project("{9A19103F-16F7-4668-BE54-9A1E7A4F7556}") = "TD.Web.Admin.Api", "src\TD.Web\TD.Web.Admin\TD.Web.Admin.Api\TD.Web.Admin.Api.csproj", "{24999303-4711-4357-9A4B-673B9B994E01}"
EndProject
Project("{9A19103F-16F7-4668-BE54-9A1E7A4F7556}") = "TD.Web.Admin.Contracts", "src\TD.Web\TD.Web.Admin\TD.Web.Admin.Contracts\TD.Web.Admin.Contracts.csproj", "{87153362-6CEE-43D8-B629-29CEB7CEE375}"
EndProject
Project("{9A19103F-16F7-4668-BE54-9A1E7A4F7556}") = "TD.Web.Admin.Domain", "src\TD.Web\TD.Web.Admin\TD.Web.Admin.Domain\TD.Web.Admin.Domain.csproj", "{47CE978B-01FB-447E-91D3-60D5A9C55F53}"
EndProject
Project("{9A19103F-16F7-4668-BE54-9A1E7A4F7556}") = "TD.Web.Admin.Repository", "src\TD.Web\TD.Web.Admin\TD.Web.Admin.Repository\TD.Web.Admin.Repository.csproj", "{2357DDA4-2BB8-48BA-9DE0-673B811156BC}"
EndProject
Project("{2150E333-8FDC-42A3-9474-1A3956D46DE8}") = "TD.Web.Common", "TD.Web.Common", "{C15C507F-487A-41C7-AC8B-ED92AF27A88E}"
EndProject
Project("{FAE04EC0-301F-11D3-BF4B-00C04F79EFBC}") = "TD.Web.Common.Domain", "src\TD.Web\TD.Web.Common\TD.Web.Common.Domain\TD.Web.Common.Domain.csproj", "{C1A544B3-D20C-4281-A67E-492E86A76854}"
EndProject
Project("{FAE04EC0-301F-11D3-BF4B-00C04F79EFBC}") = "TD.Web.Common.Repository", "src\TD.Web\TD.Web.Common\TD.Web.Common.Repository\TD.Web.Common.Repository.csproj", "{9E998B3B-AA2D-4C75-8A0C-425CAD223067}"
EndProject
Project("{FAE04EC0-301F-11D3-BF4B-00C04F79EFBC}") = "TD.Web.Common.Contracts", "src\TD.Web\TD.Web.Common\TD.Web.Common.Contracts\TD.Web.Common.Contracts.csproj", "{E48B7908-03D9-4425-8208-52EC6146FDBF}"
EndProject
Project("{2150E333-8FDC-42A3-9474-1A3956D46DE8}") = "TD.Web.Public", "TD.Web.Public", "{96D49309-68A1-44D0-B4DE-B52C96ED9254}"
EndProject
Project("{FAE04EC0-301F-11D3-BF4B-00C04F79EFBC}") = "TD.Web.Public.Contrats", "src\TD.Web\TD.Web.Public\TD.Web.Public.Contrats\TD.Web.Public.Contrats.csproj", "{92B50502-0C05-4EF0-BEA5-6373697847BF}"
EndProject
Project("{FAE04EC0-301F-11D3-BF4B-00C04F79EFBC}") = "TD.Web.Public.Domain", "src\TD.Web\TD.Web.Public\TD.Web.Public.Domain\TD.Web.Public.Domain.csproj", "{B11A5CA8-D3D5-4675-9094-3B85F3F7BA48}"
EndProject
Project("{FAE04EC0-301F-11D3-BF4B-00C04F79EFBC}") = "TD.Web.Public.Repository", "src\TD.Web\TD.Web.Public\TD.Web.Public.Repository\TD.Web.Public.Repository.csproj", "{7D89C3A1-7AF7-4D36-B528-4B8991FC07AC}"
EndProject
Project("{FAE04EC0-301F-11D3-BF4B-00C04F79EFBC}") = "TD.Web.Public.Api", "src\TD.Web\TD.Web.Public\TD.Web.Public.Api\TD.Web.Public.Api.csproj", "{7262E85F-C556-46F2-9B10-3B7D2014EDC0}"
EndProject
Project("{FAE04EC0-301F-11D3-BF4B-00C04F79EFBC}") = "TD.Web.Common.DbMigrations", "src\TD.Web\TD.Web.Common\TD.Web.Common.DbMigrations\TD.Web.Common.DbMigrations.csproj", "{12C0B3CF-B9EA-45DD-8423-765833E74462}"
EndProject
Global
	GlobalSection(SolutionConfigurationPlatforms) = preSolution
		Debug|Any CPU = Debug|Any CPU
		Release|Any CPU = Release|Any CPU
	EndGlobalSection
	GlobalSection(ProjectConfigurationPlatforms) = postSolution
		{A2C1B283-F708-478D-A3E6-5B3EAB55AE1E}.Debug|Any CPU.ActiveCfg = Debug|Any CPU
		{A2C1B283-F708-478D-A3E6-5B3EAB55AE1E}.Debug|Any CPU.Build.0 = Debug|Any CPU
		{A2C1B283-F708-478D-A3E6-5B3EAB55AE1E}.Release|Any CPU.ActiveCfg = Release|Any CPU
		{A2C1B283-F708-478D-A3E6-5B3EAB55AE1E}.Release|Any CPU.Build.0 = Release|Any CPU
		{39FDBC8C-57A2-48E4-87C2-4D132510992C}.Debug|Any CPU.ActiveCfg = Debug|Any CPU
		{39FDBC8C-57A2-48E4-87C2-4D132510992C}.Debug|Any CPU.Build.0 = Debug|Any CPU
		{39FDBC8C-57A2-48E4-87C2-4D132510992C}.Release|Any CPU.ActiveCfg = Release|Any CPU
		{39FDBC8C-57A2-48E4-87C2-4D132510992C}.Release|Any CPU.Build.0 = Release|Any CPU
		{3F9C89F5-30F5-48CA-95F0-3846A60FCB2B}.Debug|Any CPU.ActiveCfg = Debug|Any CPU
		{3F9C89F5-30F5-48CA-95F0-3846A60FCB2B}.Debug|Any CPU.Build.0 = Debug|Any CPU
		{3F9C89F5-30F5-48CA-95F0-3846A60FCB2B}.Release|Any CPU.ActiveCfg = Release|Any CPU
		{3F9C89F5-30F5-48CA-95F0-3846A60FCB2B}.Release|Any CPU.Build.0 = Release|Any CPU
		{3F27647B-3B33-4B72-B755-12DCA9F13DE3}.Debug|Any CPU.ActiveCfg = Debug|Any CPU
		{3F27647B-3B33-4B72-B755-12DCA9F13DE3}.Debug|Any CPU.Build.0 = Debug|Any CPU
		{3F27647B-3B33-4B72-B755-12DCA9F13DE3}.Release|Any CPU.ActiveCfg = Release|Any CPU
		{3F27647B-3B33-4B72-B755-12DCA9F13DE3}.Release|Any CPU.Build.0 = Release|Any CPU
		{E68F78AA-5E83-4ABB-A2DF-10EEF90D3BA1}.Debug|Any CPU.ActiveCfg = Debug|Any CPU
		{E68F78AA-5E83-4ABB-A2DF-10EEF90D3BA1}.Debug|Any CPU.Build.0 = Debug|Any CPU
		{E68F78AA-5E83-4ABB-A2DF-10EEF90D3BA1}.Release|Any CPU.ActiveCfg = Release|Any CPU
		{E68F78AA-5E83-4ABB-A2DF-10EEF90D3BA1}.Release|Any CPU.Build.0 = Release|Any CPU
		{8D86A88A-E5DF-4AF2-889A-80EC26B15C8C}.Debug|Any CPU.ActiveCfg = Debug|Any CPU
		{8D86A88A-E5DF-4AF2-889A-80EC26B15C8C}.Debug|Any CPU.Build.0 = Debug|Any CPU
		{8D86A88A-E5DF-4AF2-889A-80EC26B15C8C}.Release|Any CPU.ActiveCfg = Release|Any CPU
		{8D86A88A-E5DF-4AF2-889A-80EC26B15C8C}.Release|Any CPU.Build.0 = Release|Any CPU
		{2EA4D7EC-EE8B-4116-AB6D-90E804741222}.Debug|Any CPU.ActiveCfg = Debug|Any CPU
		{2EA4D7EC-EE8B-4116-AB6D-90E804741222}.Debug|Any CPU.Build.0 = Debug|Any CPU
		{2EA4D7EC-EE8B-4116-AB6D-90E804741222}.Release|Any CPU.ActiveCfg = Release|Any CPU
		{2EA4D7EC-EE8B-4116-AB6D-90E804741222}.Release|Any CPU.Build.0 = Release|Any CPU
		{02B4FA4C-B603-4128-B7CD-2095D2B6CC20}.Debug|Any CPU.ActiveCfg = Debug|Any CPU
		{02B4FA4C-B603-4128-B7CD-2095D2B6CC20}.Debug|Any CPU.Build.0 = Debug|Any CPU
		{02B4FA4C-B603-4128-B7CD-2095D2B6CC20}.Release|Any CPU.ActiveCfg = Release|Any CPU
		{02B4FA4C-B603-4128-B7CD-2095D2B6CC20}.Release|Any CPU.Build.0 = Release|Any CPU
		{38F79E2E-CAEE-4532-8506-FC3F0F0CC84A}.Debug|Any CPU.ActiveCfg = Debug|Any CPU
		{38F79E2E-CAEE-4532-8506-FC3F0F0CC84A}.Debug|Any CPU.Build.0 = Debug|Any CPU
		{38F79E2E-CAEE-4532-8506-FC3F0F0CC84A}.Release|Any CPU.ActiveCfg = Release|Any CPU
		{38F79E2E-CAEE-4532-8506-FC3F0F0CC84A}.Release|Any CPU.Build.0 = Release|Any CPU
		{5D659FF0-49DE-413D-8EC5-AF6AFC8DD07B}.Debug|Any CPU.ActiveCfg = Debug|Any CPU
		{5D659FF0-49DE-413D-8EC5-AF6AFC8DD07B}.Debug|Any CPU.Build.0 = Debug|Any CPU
		{5D659FF0-49DE-413D-8EC5-AF6AFC8DD07B}.Release|Any CPU.ActiveCfg = Release|Any CPU
		{5D659FF0-49DE-413D-8EC5-AF6AFC8DD07B}.Release|Any CPU.Build.0 = Release|Any CPU
		{96BEE801-FF64-447C-BB80-FE5B2363EF54}.Debug|Any CPU.ActiveCfg = Debug|Any CPU
		{96BEE801-FF64-447C-BB80-FE5B2363EF54}.Debug|Any CPU.Build.0 = Debug|Any CPU
		{96BEE801-FF64-447C-BB80-FE5B2363EF54}.Release|Any CPU.ActiveCfg = Release|Any CPU
		{96BEE801-FF64-447C-BB80-FE5B2363EF54}.Release|Any CPU.Build.0 = Release|Any CPU
		{5A05E7AF-DDCD-45D9-B38B-6ACD0FA77677}.Debug|Any CPU.ActiveCfg = Debug|Any CPU
		{5A05E7AF-DDCD-45D9-B38B-6ACD0FA77677}.Debug|Any CPU.Build.0 = Debug|Any CPU
		{5A05E7AF-DDCD-45D9-B38B-6ACD0FA77677}.Release|Any CPU.ActiveCfg = Release|Any CPU
		{5A05E7AF-DDCD-45D9-B38B-6ACD0FA77677}.Release|Any CPU.Build.0 = Release|Any CPU
		{41407BCF-08A5-42F7-802F-ABAFAA480BD4}.Debug|Any CPU.ActiveCfg = Debug|Any CPU
		{41407BCF-08A5-42F7-802F-ABAFAA480BD4}.Debug|Any CPU.Build.0 = Debug|Any CPU
		{41407BCF-08A5-42F7-802F-ABAFAA480BD4}.Release|Any CPU.ActiveCfg = Release|Any CPU
		{41407BCF-08A5-42F7-802F-ABAFAA480BD4}.Release|Any CPU.Build.0 = Release|Any CPU
		{C6DD4DE0-710F-4441-A8DC-6B1F826CA7E2}.Debug|Any CPU.ActiveCfg = Debug|Any CPU
		{C6DD4DE0-710F-4441-A8DC-6B1F826CA7E2}.Debug|Any CPU.Build.0 = Debug|Any CPU
		{C6DD4DE0-710F-4441-A8DC-6B1F826CA7E2}.Release|Any CPU.ActiveCfg = Release|Any CPU
		{C6DD4DE0-710F-4441-A8DC-6B1F826CA7E2}.Release|Any CPU.Build.0 = Release|Any CPU
		{90975195-0C16-4DE7-A2DC-CB299EF4976B}.Debug|Any CPU.ActiveCfg = Debug|Any CPU
		{90975195-0C16-4DE7-A2DC-CB299EF4976B}.Debug|Any CPU.Build.0 = Debug|Any CPU
		{90975195-0C16-4DE7-A2DC-CB299EF4976B}.Release|Any CPU.ActiveCfg = Release|Any CPU
		{90975195-0C16-4DE7-A2DC-CB299EF4976B}.Release|Any CPU.Build.0 = Release|Any CPU
		{BEC670A4-5E57-4EDD-A1E4-91B0652D7F70}.Debug|Any CPU.ActiveCfg = Debug|Any CPU
		{BEC670A4-5E57-4EDD-A1E4-91B0652D7F70}.Debug|Any CPU.Build.0 = Debug|Any CPU
		{BEC670A4-5E57-4EDD-A1E4-91B0652D7F70}.Release|Any CPU.ActiveCfg = Release|Any CPU
		{BEC670A4-5E57-4EDD-A1E4-91B0652D7F70}.Release|Any CPU.Build.0 = Release|Any CPU
		{6050DE2E-72DA-4A34-B3ED-33AFDE03AF04}.Debug|Any CPU.ActiveCfg = Debug|Any CPU
		{6050DE2E-72DA-4A34-B3ED-33AFDE03AF04}.Debug|Any CPU.Build.0 = Debug|Any CPU
		{6050DE2E-72DA-4A34-B3ED-33AFDE03AF04}.Release|Any CPU.ActiveCfg = Release|Any CPU
		{6050DE2E-72DA-4A34-B3ED-33AFDE03AF04}.Release|Any CPU.Build.0 = Release|Any CPU
		{20E2D6D1-5C56-468E-ADE0-84C861EE890C}.Debug|Any CPU.ActiveCfg = Debug|Any CPU
		{20E2D6D1-5C56-468E-ADE0-84C861EE890C}.Debug|Any CPU.Build.0 = Debug|Any CPU
		{20E2D6D1-5C56-468E-ADE0-84C861EE890C}.Release|Any CPU.ActiveCfg = Release|Any CPU
		{20E2D6D1-5C56-468E-ADE0-84C861EE890C}.Release|Any CPU.Build.0 = Release|Any CPU
		{4761582D-50BB-4576-A98E-042115EAB804}.Debug|Any CPU.ActiveCfg = Debug|Any CPU
		{4761582D-50BB-4576-A98E-042115EAB804}.Debug|Any CPU.Build.0 = Debug|Any CPU
		{4761582D-50BB-4576-A98E-042115EAB804}.Release|Any CPU.ActiveCfg = Release|Any CPU
		{4761582D-50BB-4576-A98E-042115EAB804}.Release|Any CPU.Build.0 = Release|Any CPU
		{AC095863-7517-480A-8306-033E1B402555}.Debug|Any CPU.ActiveCfg = Debug|Any CPU
		{AC095863-7517-480A-8306-033E1B402555}.Debug|Any CPU.Build.0 = Debug|Any CPU
		{AC095863-7517-480A-8306-033E1B402555}.Release|Any CPU.ActiveCfg = Release|Any CPU
		{AC095863-7517-480A-8306-033E1B402555}.Release|Any CPU.Build.0 = Release|Any CPU
		{3E2525D5-1049-42FE-B8E4-FABEFBCDB066}.Debug|Any CPU.ActiveCfg = Debug|Any CPU
		{3E2525D5-1049-42FE-B8E4-FABEFBCDB066}.Debug|Any CPU.Build.0 = Debug|Any CPU
		{3E2525D5-1049-42FE-B8E4-FABEFBCDB066}.Release|Any CPU.ActiveCfg = Release|Any CPU
		{3E2525D5-1049-42FE-B8E4-FABEFBCDB066}.Release|Any CPU.Build.0 = Release|Any CPU
		{D80400D2-CE88-441C-9911-A95C401FF79B}.Debug|Any CPU.ActiveCfg = Debug|Any CPU
		{D80400D2-CE88-441C-9911-A95C401FF79B}.Debug|Any CPU.Build.0 = Debug|Any CPU
		{D80400D2-CE88-441C-9911-A95C401FF79B}.Release|Any CPU.ActiveCfg = Release|Any CPU
		{D80400D2-CE88-441C-9911-A95C401FF79B}.Release|Any CPU.Build.0 = Release|Any CPU
		{EB304899-51EC-43F7-BF19-3810F6378C5A}.Debug|Any CPU.ActiveCfg = Debug|Any CPU
		{EB304899-51EC-43F7-BF19-3810F6378C5A}.Debug|Any CPU.Build.0 = Debug|Any CPU
		{EB304899-51EC-43F7-BF19-3810F6378C5A}.Release|Any CPU.ActiveCfg = Release|Any CPU
		{EB304899-51EC-43F7-BF19-3810F6378C5A}.Release|Any CPU.Build.0 = Release|Any CPU
		{841D002A-D505-41D7-82A4-F1CD5900B1A0}.Debug|Any CPU.ActiveCfg = Debug|Any CPU
		{841D002A-D505-41D7-82A4-F1CD5900B1A0}.Debug|Any CPU.Build.0 = Debug|Any CPU
		{841D002A-D505-41D7-82A4-F1CD5900B1A0}.Release|Any CPU.ActiveCfg = Release|Any CPU
		{841D002A-D505-41D7-82A4-F1CD5900B1A0}.Release|Any CPU.Build.0 = Release|Any CPU
		{24999303-4711-4357-9A4B-673B9B994E01}.Debug|Any CPU.ActiveCfg = Debug|Any CPU
		{24999303-4711-4357-9A4B-673B9B994E01}.Debug|Any CPU.Build.0 = Debug|Any CPU
		{24999303-4711-4357-9A4B-673B9B994E01}.Release|Any CPU.ActiveCfg = Release|Any CPU
		{24999303-4711-4357-9A4B-673B9B994E01}.Release|Any CPU.Build.0 = Release|Any CPU
		{87153362-6CEE-43D8-B629-29CEB7CEE375}.Debug|Any CPU.ActiveCfg = Debug|Any CPU
		{87153362-6CEE-43D8-B629-29CEB7CEE375}.Debug|Any CPU.Build.0 = Debug|Any CPU
		{87153362-6CEE-43D8-B629-29CEB7CEE375}.Release|Any CPU.ActiveCfg = Release|Any CPU
		{87153362-6CEE-43D8-B629-29CEB7CEE375}.Release|Any CPU.Build.0 = Release|Any CPU
		{47CE978B-01FB-447E-91D3-60D5A9C55F53}.Debug|Any CPU.ActiveCfg = Debug|Any CPU
		{47CE978B-01FB-447E-91D3-60D5A9C55F53}.Debug|Any CPU.Build.0 = Debug|Any CPU
		{47CE978B-01FB-447E-91D3-60D5A9C55F53}.Release|Any CPU.ActiveCfg = Release|Any CPU
		{47CE978B-01FB-447E-91D3-60D5A9C55F53}.Release|Any CPU.Build.0 = Release|Any CPU
		{2357DDA4-2BB8-48BA-9DE0-673B811156BC}.Debug|Any CPU.ActiveCfg = Debug|Any CPU
		{2357DDA4-2BB8-48BA-9DE0-673B811156BC}.Debug|Any CPU.Build.0 = Debug|Any CPU
		{2357DDA4-2BB8-48BA-9DE0-673B811156BC}.Release|Any CPU.ActiveCfg = Release|Any CPU
		{2357DDA4-2BB8-48BA-9DE0-673B811156BC}.Release|Any CPU.Build.0 = Release|Any CPU
		{C1A544B3-D20C-4281-A67E-492E86A76854}.Debug|Any CPU.ActiveCfg = Debug|Any CPU
		{C1A544B3-D20C-4281-A67E-492E86A76854}.Debug|Any CPU.Build.0 = Debug|Any CPU
		{C1A544B3-D20C-4281-A67E-492E86A76854}.Release|Any CPU.ActiveCfg = Release|Any CPU
		{C1A544B3-D20C-4281-A67E-492E86A76854}.Release|Any CPU.Build.0 = Release|Any CPU
		{9E998B3B-AA2D-4C75-8A0C-425CAD223067}.Debug|Any CPU.ActiveCfg = Debug|Any CPU
		{9E998B3B-AA2D-4C75-8A0C-425CAD223067}.Debug|Any CPU.Build.0 = Debug|Any CPU
		{9E998B3B-AA2D-4C75-8A0C-425CAD223067}.Release|Any CPU.ActiveCfg = Release|Any CPU
		{9E998B3B-AA2D-4C75-8A0C-425CAD223067}.Release|Any CPU.Build.0 = Release|Any CPU
		{E48B7908-03D9-4425-8208-52EC6146FDBF}.Debug|Any CPU.ActiveCfg = Debug|Any CPU
		{E48B7908-03D9-4425-8208-52EC6146FDBF}.Debug|Any CPU.Build.0 = Debug|Any CPU
		{E48B7908-03D9-4425-8208-52EC6146FDBF}.Release|Any CPU.ActiveCfg = Release|Any CPU
		{E48B7908-03D9-4425-8208-52EC6146FDBF}.Release|Any CPU.Build.0 = Release|Any CPU
		{92B50502-0C05-4EF0-BEA5-6373697847BF}.Debug|Any CPU.ActiveCfg = Debug|Any CPU
		{92B50502-0C05-4EF0-BEA5-6373697847BF}.Debug|Any CPU.Build.0 = Debug|Any CPU
		{92B50502-0C05-4EF0-BEA5-6373697847BF}.Release|Any CPU.ActiveCfg = Release|Any CPU
		{92B50502-0C05-4EF0-BEA5-6373697847BF}.Release|Any CPU.Build.0 = Release|Any CPU
		{B11A5CA8-D3D5-4675-9094-3B85F3F7BA48}.Debug|Any CPU.ActiveCfg = Debug|Any CPU
		{B11A5CA8-D3D5-4675-9094-3B85F3F7BA48}.Debug|Any CPU.Build.0 = Debug|Any CPU
		{B11A5CA8-D3D5-4675-9094-3B85F3F7BA48}.Release|Any CPU.ActiveCfg = Release|Any CPU
		{B11A5CA8-D3D5-4675-9094-3B85F3F7BA48}.Release|Any CPU.Build.0 = Release|Any CPU
		{7D89C3A1-7AF7-4D36-B528-4B8991FC07AC}.Debug|Any CPU.ActiveCfg = Debug|Any CPU
		{7D89C3A1-7AF7-4D36-B528-4B8991FC07AC}.Debug|Any CPU.Build.0 = Debug|Any CPU
		{7D89C3A1-7AF7-4D36-B528-4B8991FC07AC}.Release|Any CPU.ActiveCfg = Release|Any CPU
		{7D89C3A1-7AF7-4D36-B528-4B8991FC07AC}.Release|Any CPU.Build.0 = Release|Any CPU
		{7262E85F-C556-46F2-9B10-3B7D2014EDC0}.Debug|Any CPU.ActiveCfg = Debug|Any CPU
		{7262E85F-C556-46F2-9B10-3B7D2014EDC0}.Debug|Any CPU.Build.0 = Debug|Any CPU
		{7262E85F-C556-46F2-9B10-3B7D2014EDC0}.Release|Any CPU.ActiveCfg = Release|Any CPU
		{7262E85F-C556-46F2-9B10-3B7D2014EDC0}.Release|Any CPU.Build.0 = Release|Any CPU
		{12C0B3CF-B9EA-45DD-8423-765833E74462}.Debug|Any CPU.ActiveCfg = Debug|Any CPU
		{12C0B3CF-B9EA-45DD-8423-765833E74462}.Debug|Any CPU.Build.0 = Debug|Any CPU
		{12C0B3CF-B9EA-45DD-8423-765833E74462}.Release|Any CPU.ActiveCfg = Release|Any CPU
		{12C0B3CF-B9EA-45DD-8423-765833E74462}.Release|Any CPU.Build.0 = Release|Any CPU
	EndGlobalSection
	GlobalSection(SolutionProperties) = preSolution
		HideSolutionNode = FALSE
	EndGlobalSection
	GlobalSection(NestedProjects) = preSolution
		{A2C1B283-F708-478D-A3E6-5B3EAB55AE1E} = {ED0B9C23-C0B4-4871-879F-B2F725F72FFB}
		{39FDBC8C-57A2-48E4-87C2-4D132510992C} = {ED0B9C23-C0B4-4871-879F-B2F725F72FFB}
		{3F9C89F5-30F5-48CA-95F0-3846A60FCB2B} = {B725A8AA-A5A8-48C9-BD5D-5897E468759D}
		{3F27647B-3B33-4B72-B755-12DCA9F13DE3} = {ED0B9C23-C0B4-4871-879F-B2F725F72FFB}
		{E68F78AA-5E83-4ABB-A2DF-10EEF90D3BA1} = {ED0B9C23-C0B4-4871-879F-B2F725F72FFB}
		{8D86A88A-E5DF-4AF2-889A-80EC26B15C8C} = {B725A8AA-A5A8-48C9-BD5D-5897E468759D}
		{2EA4D7EC-EE8B-4116-AB6D-90E804741222} = {B725A8AA-A5A8-48C9-BD5D-5897E468759D}
		{02B4FA4C-B603-4128-B7CD-2095D2B6CC20} = {CC1B9E16-E0D9-4464-AAF6-8FB411866608}
		{38F79E2E-CAEE-4532-8506-FC3F0F0CC84A} = {CC1B9E16-E0D9-4464-AAF6-8FB411866608}
		{5D659FF0-49DE-413D-8EC5-AF6AFC8DD07B} = {CC1B9E16-E0D9-4464-AAF6-8FB411866608}
		{96BEE801-FF64-447C-BB80-FE5B2363EF54} = {CC1B9E16-E0D9-4464-AAF6-8FB411866608}
		{5A05E7AF-DDCD-45D9-B38B-6ACD0FA77677} = {F186E439-4F51-4251-8989-3B6CB282BB5E}
		{41407BCF-08A5-42F7-802F-ABAFAA480BD4} = {F186E439-4F51-4251-8989-3B6CB282BB5E}
		{C6DD4DE0-710F-4441-A8DC-6B1F826CA7E2} = {F186E439-4F51-4251-8989-3B6CB282BB5E}
		{90975195-0C16-4DE7-A2DC-CB299EF4976B} = {F186E439-4F51-4251-8989-3B6CB282BB5E}
		{BEC670A4-5E57-4EDD-A1E4-91B0652D7F70} = {B37505A8-E0DF-47A2-8ABA-E9672A06060C}
		{6050DE2E-72DA-4A34-B3ED-33AFDE03AF04} = {B37505A8-E0DF-47A2-8ABA-E9672A06060C}
		{20E2D6D1-5C56-468E-ADE0-84C861EE890C} = {B37505A8-E0DF-47A2-8ABA-E9672A06060C}
		{4761582D-50BB-4576-A98E-042115EAB804} = {B37505A8-E0DF-47A2-8ABA-E9672A06060C}
		{870FA2D5-4338-4C3A-B4E1-275651CE36EE} = {A0AF1CCD-306F-421F-8D3B-E6D1BB02A140}
		{AC095863-7517-480A-8306-033E1B402555} = {870FA2D5-4338-4C3A-B4E1-275651CE36EE}
		{3E2525D5-1049-42FE-B8E4-FABEFBCDB066} = {870FA2D5-4338-4C3A-B4E1-275651CE36EE}
		{D80400D2-CE88-441C-9911-A95C401FF79B} = {870FA2D5-4338-4C3A-B4E1-275651CE36EE}
		{EB304899-51EC-43F7-BF19-3810F6378C5A} = {A2D39346-8AAC-438D-BE09-25FE1A62198B}
		{841D002A-D505-41D7-82A4-F1CD5900B1A0} = {A2D39346-8AAC-438D-BE09-25FE1A62198B}
		{FF144BF9-79BB-435A-95A2-003A3911A340} = {02FA1E69-29CF-4320-B66E-A36792DD97D0}
		{24999303-4711-4357-9A4B-673B9B994E01} = {FF144BF9-79BB-435A-95A2-003A3911A340}
		{87153362-6CEE-43D8-B629-29CEB7CEE375} = {FF144BF9-79BB-435A-95A2-003A3911A340}
		{47CE978B-01FB-447E-91D3-60D5A9C55F53} = {FF144BF9-79BB-435A-95A2-003A3911A340}
		{2357DDA4-2BB8-48BA-9DE0-673B811156BC} = {FF144BF9-79BB-435A-95A2-003A3911A340}
		{C15C507F-487A-41C7-AC8B-ED92AF27A88E} = {02FA1E69-29CF-4320-B66E-A36792DD97D0}
		{C1A544B3-D20C-4281-A67E-492E86A76854} = {C15C507F-487A-41C7-AC8B-ED92AF27A88E}
		{9E998B3B-AA2D-4C75-8A0C-425CAD223067} = {C15C507F-487A-41C7-AC8B-ED92AF27A88E}
		{E48B7908-03D9-4425-8208-52EC6146FDBF} = {C15C507F-487A-41C7-AC8B-ED92AF27A88E}
		{96D49309-68A1-44D0-B4DE-B52C96ED9254} = {02FA1E69-29CF-4320-B66E-A36792DD97D0}
		{92B50502-0C05-4EF0-BEA5-6373697847BF} = {96D49309-68A1-44D0-B4DE-B52C96ED9254}
		{B11A5CA8-D3D5-4675-9094-3B85F3F7BA48} = {96D49309-68A1-44D0-B4DE-B52C96ED9254}
		{7D89C3A1-7AF7-4D36-B528-4B8991FC07AC} = {96D49309-68A1-44D0-B4DE-B52C96ED9254}
		{7262E85F-C556-46F2-9B10-3B7D2014EDC0} = {96D49309-68A1-44D0-B4DE-B52C96ED9254}
		{12C0B3CF-B9EA-45DD-8423-765833E74462} = {C15C507F-487A-41C7-AC8B-ED92AF27A88E}
	EndGlobalSection
	GlobalSection(ExtensibilityGlobals) = postSolution
		SolutionGuid = {B90EFF6F-32AD-4222-BA03-64F608E25823}
	EndGlobalSection
EndGlobal
