Microsoft Visual Studio Solution File, Format Version 12.00
# Visual Studio Version 17
VisualStudioVersion = 17.4.33205.214
MinimumVisualStudioVersion = 10.0.40219.1
Project("{2150E333-8FDC-42A3-9474-1A3956D46DE8}") = "WebshopListener", "WebshopListener", "{B725A8AA-A5A8-48C9-BD5D-5897E468759D}"
EndProject
Project("{2150E333-8FDC-42A3-9474-1A3956D46DE8}") = "Core", "Core", "{ED0B9C23-C0B4-4871-879F-B2F725F72FFB}"
EndProject
Project("{9A19103F-16F7-4668-BE54-9A1E7A4F7556}") = "TD.Core.Contracts", "src\TD.Core\TD.Core.Contracts\TD.Core.Contracts.csproj", "{A2C1B283-F708-478D-A3E6-5B3EAB55AE1E}"
EndProject
Project("{9A19103F-16F7-4668-BE54-9A1E7A4F7556}") = "TD.Core.Framework", "src\TD.Core\TD.Core.Framework\TD.Core.Framework.csproj", "{39FDBC8C-57A2-48E4-87C2-4D132510992C}"
EndProject
Project("{9A19103F-16F7-4668-BE54-9A1E7A4F7556}") = "TD.WebshopListener.Contracts", "src\TD.WebshopListener\TD.WebshopListener.Contracts\TD.WebshopListener.Contracts.csproj", "{3F9C89F5-30F5-48CA-95F0-3846A60FCB2B}"
EndProject
Project("{2150E333-8FDC-42A3-9474-1A3956D46DE8}") = "Webshop", "Webshop", "{6C20FBCC-56F7-4FBE-80B5-2C909CF06B31}"
EndProject
Project("{9A19103F-16F7-4668-BE54-9A1E7A4F7556}") = "TD.Webshop.Api", "src\TD.Webshop\TD.Webshop.Api\TD.Webshop.Api.csproj", "{A8D54971-0C85-41BB-87E6-A4256633D15B}"
EndProject
Project("{9A19103F-16F7-4668-BE54-9A1E7A4F7556}") = "TD.Webshop.Contracts", "src\TD.Webshop\TD.Webshop.Contracts\TD.Webshop.Contracts.csproj", "{AF2BF6CD-6A86-4272-8EB6-135BAD7497C6}"
EndProject
Project("{2150E333-8FDC-42A3-9474-1A3956D46DE8}") = "DbMigrations", "DbMigrations", "{3F58868C-E60C-4627-8F5B-749801EC4DCD}"
EndProject
Project("{9A19103F-16F7-4668-BE54-9A1E7A4F7556}") = "TD.DbMigrations.App", "src\TD.DbMigrations\TD.DbMigrations.App\TD.DbMigrations.App.csproj", "{152F2808-B9DA-43C2-8840-7DEC5B677456}"
EndProject
Project("{9A19103F-16F7-4668-BE54-9A1E7A4F7556}") = "TD.Webshop.Domain", "src\TD.Webshop\TD.Webshop.Domain\TD.Webshop.Domain.csproj", "{8C2EF27D-3D12-4E1A-AA3F-B0994633D851}"
EndProject
Project("{9A19103F-16F7-4668-BE54-9A1E7A4F7556}") = "TD.Core.Repository", "src\TD.Core\TD.Core.Repository\TD.Core.Repository.csproj", "{3F27647B-3B33-4B72-B755-12DCA9F13DE3}"
EndProject
Project("{9A19103F-16F7-4668-BE54-9A1E7A4F7556}") = "TD.Webshop.Repository", "src\TD.Webshop\TD.Webshop.Repository\TD.Webshop.Repository.csproj", "{B208D878-A1D7-4540-AE9B-881DE7535604}"
EndProject
Project("{9A19103F-16F7-4668-BE54-9A1E7A4F7556}") = "TD.DbMigrations.Contracts", "src\TD.DbMigrations\TD.DbMigrations.Contracts\TD.DbMigrations.Contracts.csproj", "{34F74EA9-044E-469E-9C78-43472E79D46D}"
EndProject
Project("{9A19103F-16F7-4668-BE54-9A1E7A4F7556}") = "TD.DbMigrations.Domain", "src\TD.DbMigrations\TD.DbMigrations.Domain\TD.DbMigrations.Domain.csproj", "{B48D1839-FD5C-4B8A-A31A-240E5DEC88A2}"
EndProject
Project("{9A19103F-16F7-4668-BE54-9A1E7A4F7556}") = "TD.Core.Domain", "src\TD.Core\TD.Core.Domain\TD.Core.Domain.csproj", "{E68F78AA-5E83-4ABB-A2DF-10EEF90D3BA1}"
EndProject
Project("{FAE04EC0-301F-11D3-BF4B-00C04F79EFBC}") = "TD.WebshopListener.App", "src\TD.WebshopListener\TD.WebshopListener.App\TD.WebshopListener.App.csproj", "{8D86A88A-E5DF-4AF2-889A-80EC26B15C8C}"
EndProject
Global
	GlobalSection(SolutionConfigurationPlatforms) = preSolution
		Debug|Any CPU = Debug|Any CPU
		Release|Any CPU = Release|Any CPU
	EndGlobalSection
	GlobalSection(ProjectConfigurationPlatforms) = postSolution
		{A2C1B283-F708-478D-A3E6-5B3EAB55AE1E}.Debug|Any CPU.ActiveCfg = Debug|Any CPU
		{A2C1B283-F708-478D-A3E6-5B3EAB55AE1E}.Debug|Any CPU.Build.0 = Debug|Any CPU
		{A2C1B283-F708-478D-A3E6-5B3EAB55AE1E}.Release|Any CPU.ActiveCfg = Release|Any CPU
		{A2C1B283-F708-478D-A3E6-5B3EAB55AE1E}.Release|Any CPU.Build.0 = Release|Any CPU
		{39FDBC8C-57A2-48E4-87C2-4D132510992C}.Debug|Any CPU.ActiveCfg = Debug|Any CPU
		{39FDBC8C-57A2-48E4-87C2-4D132510992C}.Debug|Any CPU.Build.0 = Debug|Any CPU
		{39FDBC8C-57A2-48E4-87C2-4D132510992C}.Release|Any CPU.ActiveCfg = Release|Any CPU
		{39FDBC8C-57A2-48E4-87C2-4D132510992C}.Release|Any CPU.Build.0 = Release|Any CPU
		{3F9C89F5-30F5-48CA-95F0-3846A60FCB2B}.Debug|Any CPU.ActiveCfg = Debug|Any CPU
		{3F9C89F5-30F5-48CA-95F0-3846A60FCB2B}.Debug|Any CPU.Build.0 = Debug|Any CPU
		{3F9C89F5-30F5-48CA-95F0-3846A60FCB2B}.Release|Any CPU.ActiveCfg = Release|Any CPU
		{3F9C89F5-30F5-48CA-95F0-3846A60FCB2B}.Release|Any CPU.Build.0 = Release|Any CPU
		{A8D54971-0C85-41BB-87E6-A4256633D15B}.Debug|Any CPU.ActiveCfg = Debug|Any CPU
		{A8D54971-0C85-41BB-87E6-A4256633D15B}.Debug|Any CPU.Build.0 = Debug|Any CPU
		{A8D54971-0C85-41BB-87E6-A4256633D15B}.Release|Any CPU.ActiveCfg = Release|Any CPU
		{A8D54971-0C85-41BB-87E6-A4256633D15B}.Release|Any CPU.Build.0 = Release|Any CPU
		{AF2BF6CD-6A86-4272-8EB6-135BAD7497C6}.Debug|Any CPU.ActiveCfg = Debug|Any CPU
		{AF2BF6CD-6A86-4272-8EB6-135BAD7497C6}.Debug|Any CPU.Build.0 = Debug|Any CPU
		{AF2BF6CD-6A86-4272-8EB6-135BAD7497C6}.Release|Any CPU.ActiveCfg = Release|Any CPU
		{AF2BF6CD-6A86-4272-8EB6-135BAD7497C6}.Release|Any CPU.Build.0 = Release|Any CPU
		{152F2808-B9DA-43C2-8840-7DEC5B677456}.Debug|Any CPU.ActiveCfg = Debug|Any CPU
		{152F2808-B9DA-43C2-8840-7DEC5B677456}.Debug|Any CPU.Build.0 = Debug|Any CPU
		{152F2808-B9DA-43C2-8840-7DEC5B677456}.Release|Any CPU.ActiveCfg = Release|Any CPU
		{152F2808-B9DA-43C2-8840-7DEC5B677456}.Release|Any CPU.Build.0 = Release|Any CPU
		{8C2EF27D-3D12-4E1A-AA3F-B0994633D851}.Debug|Any CPU.ActiveCfg = Debug|Any CPU
		{8C2EF27D-3D12-4E1A-AA3F-B0994633D851}.Debug|Any CPU.Build.0 = Debug|Any CPU
		{8C2EF27D-3D12-4E1A-AA3F-B0994633D851}.Release|Any CPU.ActiveCfg = Release|Any CPU
		{8C2EF27D-3D12-4E1A-AA3F-B0994633D851}.Release|Any CPU.Build.0 = Release|Any CPU
		{3F27647B-3B33-4B72-B755-12DCA9F13DE3}.Debug|Any CPU.ActiveCfg = Debug|Any CPU
		{3F27647B-3B33-4B72-B755-12DCA9F13DE3}.Debug|Any CPU.Build.0 = Debug|Any CPU
		{3F27647B-3B33-4B72-B755-12DCA9F13DE3}.Release|Any CPU.ActiveCfg = Release|Any CPU
		{3F27647B-3B33-4B72-B755-12DCA9F13DE3}.Release|Any CPU.Build.0 = Release|Any CPU
		{B208D878-A1D7-4540-AE9B-881DE7535604}.Debug|Any CPU.ActiveCfg = Debug|Any CPU
		{B208D878-A1D7-4540-AE9B-881DE7535604}.Debug|Any CPU.Build.0 = Debug|Any CPU
		{B208D878-A1D7-4540-AE9B-881DE7535604}.Release|Any CPU.ActiveCfg = Release|Any CPU
		{B208D878-A1D7-4540-AE9B-881DE7535604}.Release|Any CPU.Build.0 = Release|Any CPU
		{34F74EA9-044E-469E-9C78-43472E79D46D}.Debug|Any CPU.ActiveCfg = Debug|Any CPU
		{34F74EA9-044E-469E-9C78-43472E79D46D}.Debug|Any CPU.Build.0 = Debug|Any CPU
		{34F74EA9-044E-469E-9C78-43472E79D46D}.Release|Any CPU.ActiveCfg = Release|Any CPU
		{34F74EA9-044E-469E-9C78-43472E79D46D}.Release|Any CPU.Build.0 = Release|Any CPU
		{B48D1839-FD5C-4B8A-A31A-240E5DEC88A2}.Debug|Any CPU.ActiveCfg = Debug|Any CPU
		{B48D1839-FD5C-4B8A-A31A-240E5DEC88A2}.Debug|Any CPU.Build.0 = Debug|Any CPU
		{B48D1839-FD5C-4B8A-A31A-240E5DEC88A2}.Release|Any CPU.ActiveCfg = Release|Any CPU
		{B48D1839-FD5C-4B8A-A31A-240E5DEC88A2}.Release|Any CPU.Build.0 = Release|Any CPU
		{E68F78AA-5E83-4ABB-A2DF-10EEF90D3BA1}.Debug|Any CPU.ActiveCfg = Debug|Any CPU
		{E68F78AA-5E83-4ABB-A2DF-10EEF90D3BA1}.Debug|Any CPU.Build.0 = Debug|Any CPU
		{E68F78AA-5E83-4ABB-A2DF-10EEF90D3BA1}.Release|Any CPU.ActiveCfg = Release|Any CPU
		{E68F78AA-5E83-4ABB-A2DF-10EEF90D3BA1}.Release|Any CPU.Build.0 = Release|Any CPU
		{8D86A88A-E5DF-4AF2-889A-80EC26B15C8C}.Debug|Any CPU.ActiveCfg = Debug|Any CPU
		{8D86A88A-E5DF-4AF2-889A-80EC26B15C8C}.Debug|Any CPU.Build.0 = Debug|Any CPU
		{8D86A88A-E5DF-4AF2-889A-80EC26B15C8C}.Release|Any CPU.ActiveCfg = Release|Any CPU
		{8D86A88A-E5DF-4AF2-889A-80EC26B15C8C}.Release|Any CPU.Build.0 = Release|Any CPU
	EndGlobalSection
	GlobalSection(SolutionProperties) = preSolution
		HideSolutionNode = FALSE
	EndGlobalSection
	GlobalSection(NestedProjects) = preSolution
		{A2C1B283-F708-478D-A3E6-5B3EAB55AE1E} = {ED0B9C23-C0B4-4871-879F-B2F725F72FFB}
		{39FDBC8C-57A2-48E4-87C2-4D132510992C} = {ED0B9C23-C0B4-4871-879F-B2F725F72FFB}
		{3F9C89F5-30F5-48CA-95F0-3846A60FCB2B} = {B725A8AA-A5A8-48C9-BD5D-5897E468759D}
		{A8D54971-0C85-41BB-87E6-A4256633D15B} = {6C20FBCC-56F7-4FBE-80B5-2C909CF06B31}
		{AF2BF6CD-6A86-4272-8EB6-135BAD7497C6} = {6C20FBCC-56F7-4FBE-80B5-2C909CF06B31}
		{152F2808-B9DA-43C2-8840-7DEC5B677456} = {3F58868C-E60C-4627-8F5B-749801EC4DCD}
		{8C2EF27D-3D12-4E1A-AA3F-B0994633D851} = {6C20FBCC-56F7-4FBE-80B5-2C909CF06B31}
		{3F27647B-3B33-4B72-B755-12DCA9F13DE3} = {ED0B9C23-C0B4-4871-879F-B2F725F72FFB}
		{B208D878-A1D7-4540-AE9B-881DE7535604} = {6C20FBCC-56F7-4FBE-80B5-2C909CF06B31}
		{34F74EA9-044E-469E-9C78-43472E79D46D} = {3F58868C-E60C-4627-8F5B-749801EC4DCD}
		{B48D1839-FD5C-4B8A-A31A-240E5DEC88A2} = {3F58868C-E60C-4627-8F5B-749801EC4DCD}
		{E68F78AA-5E83-4ABB-A2DF-10EEF90D3BA1} = {ED0B9C23-C0B4-4871-879F-B2F725F72FFB}
		{8D86A88A-E5DF-4AF2-889A-80EC26B15C8C} = {B725A8AA-A5A8-48C9-BD5D-5897E468759D}
	EndGlobalSection
	GlobalSection(ExtensibilityGlobals) = postSolution
		SolutionGuid = {B90EFF6F-32AD-4222-BA03-64F608E25823}
	EndGlobalSection
EndGlobal
