
Microsoft Visual Studio Solution File, Format Version 12.00
# Visual Studio Version 17
VisualStudioVersion = 17.4.33205.214
MinimumVisualStudioVersion = 10.0.40219.1
Project("{9A19103F-16F7-4668-BE54-9A1E7A4F7556}") = "Termodom.Data", "Termodom-Data\Termodom.Data\Termodom.Data.csproj", "{BDD52416-982B-48F9-AD38-6B409F4C8654}"
EndProject
Project("{9A19103F-16F7-4668-BE54-9A1E7A4F7556}") = "TDBrain_v3", "Termodom-TDBrain-v3\TDBrain_v3\TDBrain_v3.csproj", "{CC54FBF9-FDE8-4682-BC6D-B96625E45022}"
EndProject
Project("{9A19103F-16F7-4668-BE54-9A1E7A4F7556}") = "TDOffice_v2", "Termodom-TDOffice-v2\TDOffice_v2\TDOffice_v2.csproj", "{F0187D4F-60BF-45F9-8261-17CA8DB79A25}"
EndProject
Project("{FAE04EC0-301F-11D3-BF4B-00C04F79EFBC}") = "DBMigration", "DBMigration\DBMigration.csproj", "{009944FD-C6D0-450D-A346-5DF2D9CEDC82}"
EndProject
Global
	GlobalSection(SolutionConfigurationPlatforms) = preSolution
		Debug|Any CPU = Debug|Any CPU
		Release|Any CPU = Release|Any CPU
	EndGlobalSection
	GlobalSection(ProjectConfigurationPlatforms) = postSolution
		{BDD52416-982B-48F9-AD38-6B409F4C8654}.Debug|Any CPU.ActiveCfg = Debug|Any CPU
		{BDD52416-982B-48F9-AD38-6B409F4C8654}.Debug|Any CPU.Build.0 = Debug|Any CPU
		{BDD52416-982B-48F9-AD38-6B409F4C8654}.Release|Any CPU.ActiveCfg = Release|Any CPU
		{BDD52416-982B-48F9-AD38-6B409F4C8654}.Release|Any CPU.Build.0 = Release|Any CPU
		{CC54FBF9-FDE8-4682-BC6D-B96625E45022}.Debug|Any CPU.ActiveCfg = Debug|Any CPU
		{CC54FBF9-FDE8-4682-BC6D-B96625E45022}.Debug|Any CPU.Build.0 = Debug|Any CPU
		{CC54FBF9-FDE8-4682-BC6D-B96625E45022}.Release|Any CPU.ActiveCfg = Release|Any CPU
		{CC54FBF9-FDE8-4682-BC6D-B96625E45022}.Release|Any CPU.Build.0 = Release|Any CPU
		{F0187D4F-60BF-45F9-8261-17CA8DB79A25}.Debug|Any CPU.ActiveCfg = Debug|Any CPU
		{F0187D4F-60BF-45F9-8261-17CA8DB79A25}.Debug|Any CPU.Build.0 = Debug|Any CPU
		{F0187D4F-60BF-45F9-8261-17CA8DB79A25}.Release|Any CPU.ActiveCfg = Release|Any CPU
		{F0187D4F-60BF-45F9-8261-17CA8DB79A25}.Release|Any CPU.Build.0 = Release|Any CPU
		{009944FD-C6D0-450D-A346-5DF2D9CEDC82}.Debug|Any CPU.ActiveCfg = Debug|Any CPU
		{009944FD-C6D0-450D-A346-5DF2D9CEDC82}.Debug|Any CPU.Build.0 = Debug|Any CPU
		{009944FD-C6D0-450D-A346-5DF2D9CEDC82}.Release|Any CPU.ActiveCfg = Release|Any CPU
		{009944FD-C6D0-450D-A346-5DF2D9CEDC82}.Release|Any CPU.Build.0 = Release|Any CPU
	EndGlobalSection
	GlobalSection(SolutionProperties) = preSolution
		HideSolutionNode = FALSE
	EndGlobalSection
	GlobalSection(ExtensibilityGlobals) = postSolution
		SolutionGuid = {ED7202D1-8B09-49E0-8C34-19F91B3FC53C}
	EndGlobalSection
EndGlobal
