
Microsoft Visual Studio Solution File, Format Version 12.00
# Visual Studio Version 17
VisualStudioVersion = 17.4.33205.214
MinimumVisualStudioVersion = 10.0.40219.1
Project("{FAE04EC0-301F-11D3-BF4B-00C04F79EFBC}") = "TD.Komercijalno.API", "TD.Komercijalno.API\TD.Komercijalno.API.csproj", "{992D59E5-1E67-4E34-AFFA-610E4E7F75CB}"
EndProject
Global
	GlobalSection(SolutionConfigurationPlatforms) = preSolution
		Debug|Any CPU = Debug|Any CPU
		Release|Any CPU = Release|Any CPU
	EndGlobalSection
	GlobalSection(ProjectConfigurationPlatforms) = postSolution
		{992D59E5-1E67-4E34-AFFA-610E4E7F75CB}.Debug|Any CPU.ActiveCfg = Debug|Any CPU
		{992D59E5-1E67-4E34-AFFA-610E4E7F75CB}.Debug|Any CPU.Build.0 = Debug|Any CPU
		{992D59E5-1E67-4E34-AFFA-610E4E7F75CB}.Release|Any CPU.ActiveCfg = Release|Any CPU
		{992D59E5-1E67-4E34-AFFA-610E4E7F75CB}.Release|Any CPU.Build.0 = Release|Any CPU
	EndGlobalSection
	GlobalSection(SolutionProperties) = preSolution
		HideSolutionNode = FALSE
	EndGlobalSection
	GlobalSection(ExtensibilityGlobals) = postSolution
		SolutionGuid = {211AF997-4017-4087-A758-1D3AD0C502D0}
	EndGlobalSection
EndGlobal
