
Microsoft Visual Studio Solution File, Format Version 12.00
# Visual Studio Version 17
VisualStudioVersion = 17.4.33205.214
MinimumVisualStudioVersion = 10.0.40219.1
Project("{FAE04EC0-301F-11D3-BF4B-00C04F79EFBC}") = "Infrastructure", "Infrastructure\Infrastructure.csproj", "{A9D6E0EB-A546-4598-841B-23BCCA07D0DE}"
EndProject
Global
	GlobalSection(SolutionConfigurationPlatforms) = preSolution
		Debug|Any CPU = Debug|Any CPU
		Release|Any CPU = Release|Any CPU
	EndGlobalSection
	GlobalSection(ProjectConfigurationPlatforms) = postSolution
		{A9D6E0EB-A546-4598-841B-23BCCA07D0DE}.Debug|Any CPU.ActiveCfg = Debug|Any CPU
		{A9D6E0EB-A546-4598-841B-23BCCA07D0DE}.Debug|Any CPU.Build.0 = Debug|Any CPU
		{A9D6E0EB-A546-4598-841B-23BCCA07D0DE}.Release|Any CPU.ActiveCfg = Release|Any CPU
		{A9D6E0EB-A546-4598-841B-23BCCA07D0DE}.Release|Any CPU.Build.0 = Release|Any CPU
	EndGlobalSection
	GlobalSection(SolutionProperties) = preSolution
		HideSolutionNode = FALSE
	EndGlobalSection
	GlobalSection(ExtensibilityGlobals) = postSolution
		SolutionGuid = {02964A12-C058-4D31-8A41-BB796B266BA4}
	EndGlobalSection
EndGlobal
