{
  "name": "service-1",
  "lockfileVersion": 3,
  "requires": true,
  "packages": {
    "": {
      "dependencies": {
        "dotenv": "^16.4.5",
        "jobs-common": "file:../node-shared/jobs-common",
        "td-web-common-repository-node": "file:src/TD.Web/TD.Web.Common/TD.Web.Common.Repository.Node"
      }
    },
    "../../../../../../../../../TD.Web/TD.Web.Common/TD.Web.Common.Repository.Node": {
      "extraneous": true
    },
    "../../../../../../../TD.Web/TD.Web.Common/TD.Web.Common.Repository.Node": {
      "extraneous": true
    },
    "../node-shared/jobs-common": {
      "version": "1.0.0"
    },
    "@/src/TD.Web/TD.Web.Common/TD.Web.Common.Repository.Node": {
      "extraneous": true
    },
    "@/TD.Web/TD.Web.Common/TD.Web.Common.Repository.Node": {
      "extraneous": true
    },
    "node_modules/dotenv": {
      "version": "16.4.5",
      "resolved": "https://registry.npmjs.org/dotenv/-/dotenv-16.4.5.tgz",
      "integrity": "sha512-ZmdL2rui+eB2YwhsWzjInR8LldtZHGDoQ1ugH85ppHKwpUHL7j7rN0Ti9NCnGiQbhaZ11FpR+7ao1dNsmduNUg==",
      "license": "BSD-2-Clause",
      "engines": {
        "node": ">=12"
      },
      "funding": {
        "url": "https://dotenvx.com"
      }
    },
    "node_modules/jobs-common": {
      "resolved": "../node-shared/jobs-common",
      "link": true
    },
    "node_modules/td-web-common-repository-node": {
      "resolved": "src/TD.Web/TD.Web.Common/TD.Web.Common.Repository.Node",
      "link": true
    },
    "src/TD.Web/TD.Web.Common/TD.Web.Common.Repository.Node": {}
  }
}
